// !$*UTF8*$!
{
	archiveVersion = 1;
	classes = {
	};
	objectVersion = 46;
	objects = {

/* Begin PBXBuildFile section */
		1D03B24D1CC5BF1E00DCE77A /* NotesOrErrorTableViewCell.m in Sources */ = {isa = PBXBuildFile; fileRef = 1D03B24C1CC5BF1E00DCE77A /* NotesOrErrorTableViewCell.m */; };
		1D03B2921CC6131A00DCE77A /* PaterTopicQtype6TableViewCell.m in Sources */ = {isa = PBXBuildFile; fileRef = 1D03B2911CC6131A00DCE77A /* PaterTopicQtype6TableViewCell.m */; };
		1D064E031CBB3303007BD4E4 /* StartDoTopicViewController.m in Sources */ = {isa = PBXBuildFile; fileRef = 1D064E021CBB3303007BD4E4 /* StartDoTopicViewController.m */; };
		1D064E461CBB6A4B007BD4E4 /* PatersTopicViewController.m in Sources */ = {isa = PBXBuildFile; fileRef = 1D064E451CBB6A4B007BD4E4 /* PatersTopicViewController.m */; };
		1D10C9891CB3A74C00040913 /* UserIndexViewController.m in Sources */ = {isa = PBXBuildFile; fileRef = 1D10C9881CB3A74C00040913 /* UserIndexViewController.m */; };
		1D1626931CBDD5CC0050784B /* TopicCardCollectionView.m in Sources */ = {isa = PBXBuildFile; fileRef = 1D1626921CBDD5CC0050784B /* TopicCardCollectionView.m */; };
		1D165E681CD1DA1E00F61EAE /* NotesView.xib in Resources */ = {isa = PBXBuildFile; fileRef = 1D165E671CD1DA1E00F61EAE /* NotesView.xib */; };
		1D165E6B1CD1DA4800F61EAE /* NotesView.m in Sources */ = {isa = PBXBuildFile; fileRef = 1D165E6A1CD1DA4800F61EAE /* NotesView.m */; };
		1D165E6F1CD1F84700F61EAE /* ErrorView.xib in Resources */ = {isa = PBXBuildFile; fileRef = 1D165E6E1CD1F84700F61EAE /* ErrorView.xib */; };
		1D165E721CD1F85800F61EAE /* ErrorView.m in Sources */ = {isa = PBXBuildFile; fileRef = 1D165E711CD1F85800F61EAE /* ErrorView.m */; };
		1D18A02D1CAB7D690022642C /* CustomTools.m in Sources */ = {isa = PBXBuildFile; fileRef = 1D18A02C1CAB7D690022642C /* CustomTools.m */; };
		1D18A0301CABB0E00022642C /* SubjectInfoViewController.m in Sources */ = {isa = PBXBuildFile; fileRef = 1D18A02F1CABB0E00022642C /* SubjectInfoViewController.m */; };
		1D1CD88D1CD2EE4800A80E88 /* LXAlertView.m in Sources */ = {isa = PBXBuildFile; fileRef = 1D1CD88A1CD2EE4800A80E88 /* LXAlertView.m */; };
		1D1CD88E1CD2EE4800A80E88 /* UILabel+LXAdd.m in Sources */ = {isa = PBXBuildFile; fileRef = 1D1CD88C1CD2EE4800A80E88 /* UILabel+LXAdd.m */; };
		1D2A6B181CB49B02005D3455 /* ChaptersViewController.m in Sources */ = {isa = PBXBuildFile; fileRef = 1D2A6B171CB49B02005D3455 /* ChaptersViewController.m */; };
		1D2A6B1B1CB4AC72005D3455 /* ModelPapersViewController.m in Sources */ = {isa = PBXBuildFile; fileRef = 1D2A6B1A1CB4AC72005D3455 /* ModelPapersViewController.m */; };
		1D31827B1CD8352D00AD4773 /* paterTopicQtype3Cell.xib in Resources */ = {isa = PBXBuildFile; fileRef = 1D31827A1CD8352D00AD4773 /* paterTopicQtype3Cell.xib */; };
		1D31827E1CD835BB00AD4773 /* PaterTopicQtype3TableViewCell.m in Sources */ = {isa = PBXBuildFile; fileRef = 1D31827D1CD835BB00AD4773 /* PaterTopicQtype3TableViewCell.m */; };
		1D86FA331CCDFC23007DF87C /* ErrorTopicView.m in Sources */ = {isa = PBXBuildFile; fileRef = 1D86FA321CCDFC23007DF87C /* ErrorTopicView.m */; };
		1DC18EFD1CB795D50006D642 /* MJRefreshAutoFooter.m in Sources */ = {isa = PBXBuildFile; fileRef = 1DC18ED31CB795D50006D642 /* MJRefreshAutoFooter.m */; };
		1DC18EFE1CB795D50006D642 /* MJRefreshBackFooter.m in Sources */ = {isa = PBXBuildFile; fileRef = 1DC18ED51CB795D50006D642 /* MJRefreshBackFooter.m */; };
		1DC18EFF1CB795D50006D642 /* MJRefreshComponent.m in Sources */ = {isa = PBXBuildFile; fileRef = 1DC18ED71CB795D50006D642 /* MJRefreshComponent.m */; };
		1DC18F001CB795D50006D642 /* MJRefreshFooter.m in Sources */ = {isa = PBXBuildFile; fileRef = 1DC18ED91CB795D50006D642 /* MJRefreshFooter.m */; };
		1DC18F011CB795D50006D642 /* MJRefreshHeader.m in Sources */ = {isa = PBXBuildFile; fileRef = 1DC18EDB1CB795D50006D642 /* MJRefreshHeader.m */; };
		1DC18F021CB795D50006D642 /* MJRefreshAutoGifFooter.m in Sources */ = {isa = PBXBuildFile; fileRef = 1DC18EE01CB795D50006D642 /* MJRefreshAutoGifFooter.m */; };
		1DC18F031CB795D50006D642 /* MJRefreshAutoNormalFooter.m in Sources */ = {isa = PBXBuildFile; fileRef = 1DC18EE21CB795D50006D642 /* MJRefreshAutoNormalFooter.m */; };
		1DC18F041CB795D50006D642 /* MJRefreshAutoStateFooter.m in Sources */ = {isa = PBXBuildFile; fileRef = 1DC18EE41CB795D50006D642 /* MJRefreshAutoStateFooter.m */; };
		1DC18F051CB795D50006D642 /* MJRefreshBackGifFooter.m in Sources */ = {isa = PBXBuildFile; fileRef = 1DC18EE71CB795D50006D642 /* MJRefreshBackGifFooter.m */; };
		1DC18F061CB795D50006D642 /* MJRefreshBackNormalFooter.m in Sources */ = {isa = PBXBuildFile; fileRef = 1DC18EE91CB795D50006D642 /* MJRefreshBackNormalFooter.m */; };
		1DC18F071CB795D50006D642 /* MJRefreshBackStateFooter.m in Sources */ = {isa = PBXBuildFile; fileRef = 1DC18EEB1CB795D50006D642 /* MJRefreshBackStateFooter.m */; };
		1DC18F081CB795D50006D642 /* MJRefreshGifHeader.m in Sources */ = {isa = PBXBuildFile; fileRef = 1DC18EEE1CB795D50006D642 /* MJRefreshGifHeader.m */; };
		1DC18F091CB795D50006D642 /* MJRefreshNormalHeader.m in Sources */ = {isa = PBXBuildFile; fileRef = 1DC18EF01CB795D50006D642 /* MJRefreshNormalHeader.m */; };
		1DC18F0A1CB795D50006D642 /* MJRefreshStateHeader.m in Sources */ = {isa = PBXBuildFile; fileRef = 1DC18EF21CB795D50006D642 /* MJRefreshStateHeader.m */; };
		1DC18F0B1CB795D50006D642 /* MJRefresh.bundle in Resources */ = {isa = PBXBuildFile; fileRef = 1DC18EF31CB795D50006D642 /* MJRefresh.bundle */; };
		1DC18F0C1CB795D50006D642 /* MJRefreshConst.m in Sources */ = {isa = PBXBuildFile; fileRef = 1DC18EF61CB795D50006D642 /* MJRefreshConst.m */; };
		1DC18F0D1CB795D50006D642 /* UIScrollView+MJExtension.m in Sources */ = {isa = PBXBuildFile; fileRef = 1DC18EF81CB795D50006D642 /* UIScrollView+MJExtension.m */; };
		1DC18F0E1CB795D50006D642 /* UIScrollView+MJRefresh.m in Sources */ = {isa = PBXBuildFile; fileRef = 1DC18EFA1CB795D50006D642 /* UIScrollView+MJRefresh.m */; };
		1DC18F0F1CB795D50006D642 /* UIView+MJExtension.m in Sources */ = {isa = PBXBuildFile; fileRef = 1DC18EFC1CB795D50006D642 /* UIView+MJExtension.m */; };
		1DD2E6F81CB5F21700423484 /* ActiveView.xib in Resources */ = {isa = PBXBuildFile; fileRef = 1DD2E6F71CB5F21600423484 /* ActiveView.xib */; };
		1DD2E6FB1CB5F25800423484 /* ActiveVIew.m in Sources */ = {isa = PBXBuildFile; fileRef = 1DD2E6FA1CB5F25800423484 /* ActiveVIew.m */; };
		1DDE06681CAA295B00FA1505 /* PhoneForPwdViewController.m in Sources */ = {isa = PBXBuildFile; fileRef = 1DDE06671CAA295B00FA1505 /* PhoneForPwdViewController.m */; };
		1DDE066B1CAA296A00FA1505 /* EmailForPwdViewController.m in Sources */ = {isa = PBXBuildFile; fileRef = 1DDE066A1CAA296A00FA1505 /* EmailForPwdViewController.m */; };
		1DE3F88F1CAE52CA00A290CF /* UINavigationController+FDFullscreenPopGesture.m in Sources */ = {isa = PBXBuildFile; fileRef = 1DE3F88E1CAE52CA00A290CF /* UINavigationController+FDFullscreenPopGesture.m */; };
		1DE5F8D31CD092BD0046CD8A /* paterTopicQtype5Cell.xib in Resources */ = {isa = PBXBuildFile; fileRef = 1DE5F8D21CD092BD0046CD8A /* paterTopicQtype5Cell.xib */; };
		1DE5F8D61CD093190046CD8A /* paterTopicQtype5TableViewCell.m in Sources */ = {isa = PBXBuildFile; fileRef = 1DE5F8D51CD093190046CD8A /* paterTopicQtype5TableViewCell.m */; };
		1DE5F8D91CD0B3F60046CD8A /* paterTopicQtype1and2TableViewCell.m in Sources */ = {isa = PBXBuildFile; fileRef = 1DE5F8D81CD0B3F60046CD8A /* paterTopicQtype1and2TableViewCell.m */; };
		1DE5F8DB1CD0B42D0046CD8A /* TopicQtype1and2Cell.xib in Resources */ = {isa = PBXBuildFile; fileRef = 1DE5F8DA1CD0B42D0046CD8A /* TopicQtype1and2Cell.xib */; };
		1DE5F8DD1CD0BCC30046CD8A /* paterTopicQtype6Cell.xib in Resources */ = {isa = PBXBuildFile; fileRef = 1DE5F8DC1CD0BCC30046CD8A /* paterTopicQtype6Cell.xib */; };
		1DE695D51CA8C75100ED1DA3 /* TestViewController.m in Sources */ = {isa = PBXBuildFile; fileRef = 1DE695D41CA8C75100ED1DA3 /* TestViewController.m */; };
		1DE695DF1CA8D28100ED1DA3 /* PhoneReViewController.m in Sources */ = {isa = PBXBuildFile; fileRef = 1DE695DE1CA8D28100ED1DA3 /* PhoneReViewController.m */; };
		1DE695E21CA8D39200ED1DA3 /* EmailReViewController.m in Sources */ = {isa = PBXBuildFile; fileRef = 1DE695E11CA8D39200ED1DA3 /* EmailReViewController.m */; };
		1DEB178B1CBC90FA00C82293 /* timelog.png in Resources */ = {isa = PBXBuildFile; fileRef = 1DEB178A1CBC90FA00C82293 /* timelog.png */; };
		1DEDC7D81C9F817B0083B394 /* main.m in Sources */ = {isa = PBXBuildFile; fileRef = 1DEDC7D71C9F817B0083B394 /* main.m */; };
		1DEDC7DB1C9F817B0083B394 /* AppDelegate.m in Sources */ = {isa = PBXBuildFile; fileRef = 1DEDC7DA1C9F817B0083B394 /* AppDelegate.m */; };
		1DEDC7E11C9F817B0083B394 /* Main.storyboard in Resources */ = {isa = PBXBuildFile; fileRef = 1DEDC7DF1C9F817B0083B394 /* Main.storyboard */; };
		1DEDC7E31C9F817B0083B394 /* Assets.xcassets in Resources */ = {isa = PBXBuildFile; fileRef = 1DEDC7E21C9F817B0083B394 /* Assets.xcassets */; };
		1DEDC7E61C9F817B0083B394 /* LaunchScreen.storyboard in Resources */ = {isa = PBXBuildFile; fileRef = 1DEDC7E41C9F817B0083B394 /* LaunchScreen.storyboard */; };
		1DEDC7F11C9F817B0083B394 /* TyDtkTests.m in Sources */ = {isa = PBXBuildFile; fileRef = 1DEDC7F01C9F817B0083B394 /* TyDtkTests.m */; };
		1DEDC7FC1C9F817B0083B394 /* TyDtkUITests.m in Sources */ = {isa = PBXBuildFile; fileRef = 1DEDC7FB1C9F817B0083B394 /* TyDtkUITests.m */; };
		1DEDC80D1C9F86170083B394 /* LoginViewController.m in Sources */ = {isa = PBXBuildFile; fileRef = 1DEDC80C1C9F86170083B394 /* LoginViewController.m */; };
		1DEDC8101C9F86400083B394 /* RegisterViewController.m in Sources */ = {isa = PBXBuildFile; fileRef = 1DEDC80F1C9F86400083B394 /* RegisterViewController.m */; };
		1DEDC8131C9F866C0083B394 /* ForgetPwdViewController.m in Sources */ = {isa = PBXBuildFile; fileRef = 1DEDC8121C9F866C0083B394 /* ForgetPwdViewController.m */; };
		1DEDC8161C9F880E0083B394 /* IndexViewController.m in Sources */ = {isa = PBXBuildFile; fileRef = 1DEDC8151C9F880E0083B394 /* IndexViewController.m */; };
		1DEDC8311C9F9F770083B394 /* login_password.png in Resources */ = {isa = PBXBuildFile; fileRef = 1DEDC82F1C9F9F770083B394 /* login_password.png */; };
		1DEDC8321C9F9F770083B394 /* login_person.png in Resources */ = {isa = PBXBuildFile; fileRef = 1DEDC8301C9F9F770083B394 /* login_person.png */; };
		1DEDC8561C9FA2920083B394 /* MKAnnotationView+WebCache.m in Sources */ = {isa = PBXBuildFile; fileRef = 1DEDC8361C9FA2920083B394 /* MKAnnotationView+WebCache.m */; };
		1DEDC8571C9FA2920083B394 /* NSData+ImageContentType.m in Sources */ = {isa = PBXBuildFile; fileRef = 1DEDC8381C9FA2920083B394 /* NSData+ImageContentType.m */; };
		1DEDC8581C9FA2920083B394 /* SDImageCache.m in Sources */ = {isa = PBXBuildFile; fileRef = 1DEDC83A1C9FA2920083B394 /* SDImageCache.m */; };
		1DEDC8591C9FA2920083B394 /* SDWebImageCompat.m in Sources */ = {isa = PBXBuildFile; fileRef = 1DEDC83C1C9FA2920083B394 /* SDWebImageCompat.m */; };
		1DEDC85A1C9FA2920083B394 /* SDWebImageDecoder.m in Sources */ = {isa = PBXBuildFile; fileRef = 1DEDC83E1C9FA2920083B394 /* SDWebImageDecoder.m */; };
		1DEDC85B1C9FA2920083B394 /* SDWebImageDownloader.m in Sources */ = {isa = PBXBuildFile; fileRef = 1DEDC8401C9FA2920083B394 /* SDWebImageDownloader.m */; };
		1DEDC85C1C9FA2920083B394 /* SDWebImageDownloaderOperation.m in Sources */ = {isa = PBXBuildFile; fileRef = 1DEDC8421C9FA2920083B394 /* SDWebImageDownloaderOperation.m */; };
		1DEDC85D1C9FA2920083B394 /* SDWebImageManager.m in Sources */ = {isa = PBXBuildFile; fileRef = 1DEDC8441C9FA2920083B394 /* SDWebImageManager.m */; };
		1DEDC85E1C9FA2920083B394 /* SDWebImagePrefetcher.m in Sources */ = {isa = PBXBuildFile; fileRef = 1DEDC8471C9FA2920083B394 /* SDWebImagePrefetcher.m */; };
		1DEDC85F1C9FA2920083B394 /* UIButton+WebCache.m in Sources */ = {isa = PBXBuildFile; fileRef = 1DEDC8491C9FA2920083B394 /* UIButton+WebCache.m */; };
		1DEDC8601C9FA2920083B394 /* UIImage+GIF.m in Sources */ = {isa = PBXBuildFile; fileRef = 1DEDC84B1C9FA2920083B394 /* UIImage+GIF.m */; };
		1DEDC8611C9FA2920083B394 /* UIImage+MultiFormat.m in Sources */ = {isa = PBXBuildFile; fileRef = 1DEDC84D1C9FA2920083B394 /* UIImage+MultiFormat.m */; };
		1DEDC8621C9FA2920083B394 /* UIImage+WebP.m in Sources */ = {isa = PBXBuildFile; fileRef = 1DEDC84F1C9FA2920083B394 /* UIImage+WebP.m */; };
		1DEDC8631C9FA2920083B394 /* UIImageView+HighlightedWebCache.m in Sources */ = {isa = PBXBuildFile; fileRef = 1DEDC8511C9FA2920083B394 /* UIImageView+HighlightedWebCache.m */; };
		1DEDC8641C9FA2920083B394 /* UIImageView+WebCache.m in Sources */ = {isa = PBXBuildFile; fileRef = 1DEDC8531C9FA2920083B394 /* UIImageView+WebCache.m */; };
		1DEDC8651C9FA2920083B394 /* UIView+WebCacheOperation.m in Sources */ = {isa = PBXBuildFile; fileRef = 1DEDC8551C9FA2920083B394 /* UIView+WebCacheOperation.m */; };
		1DEDC8671C9FA40A0083B394 /* mainbg.png in Resources */ = {isa = PBXBuildFile; fileRef = 1DEDC8661C9FA40A0083B394 /* mainbg.png */; };
		1DEDC8771C9FA66B0083B394 /* AFHTTPSessionManager.m in Sources */ = {isa = PBXBuildFile; fileRef = 1DEDC86B1C9FA66B0083B394 /* AFHTTPSessionManager.m */; };
		1DEDC8781C9FA66B0083B394 /* AFNetworkReachabilityManager.m in Sources */ = {isa = PBXBuildFile; fileRef = 1DEDC86E1C9FA66B0083B394 /* AFNetworkReachabilityManager.m */; };
		1DEDC8791C9FA66B0083B394 /* AFSecurityPolicy.m in Sources */ = {isa = PBXBuildFile; fileRef = 1DEDC8701C9FA66B0083B394 /* AFSecurityPolicy.m */; };
		1DEDC87A1C9FA66B0083B394 /* AFURLRequestSerialization.m in Sources */ = {isa = PBXBuildFile; fileRef = 1DEDC8721C9FA66B0083B394 /* AFURLRequestSerialization.m */; };
		1DEDC87B1C9FA66B0083B394 /* AFURLResponseSerialization.m in Sources */ = {isa = PBXBuildFile; fileRef = 1DEDC8741C9FA66B0083B394 /* AFURLResponseSerialization.m */; };
		1DEDC87C1C9FA66B0083B394 /* AFURLSessionManager.m in Sources */ = {isa = PBXBuildFile; fileRef = 1DEDC8761C9FA66B0083B394 /* AFURLSessionManager.m */; };
		1DEDC87F1C9FA6810083B394 /* HttpTools.m in Sources */ = {isa = PBXBuildFile; fileRef = 1DEDC87E1C9FA6810083B394 /* HttpTools.m */; };
		1DEDC8821C9FD5CD0083B394 /* CoreLocation.framework in Frameworks */ = {isa = PBXBuildFile; fileRef = 1DEDC8811C9FD5CD0083B394 /* CoreLocation.framework */; };
		1DEDC8851C9FEDDE0083B394 /* LocationViewController.m in Sources */ = {isa = PBXBuildFile; fileRef = 1DEDC8841C9FEDDE0083B394 /* LocationViewController.m */; };
		1DEFF1E01CA0E5D800994E2C /* ChineseToPinyin.m in Sources */ = {isa = PBXBuildFile; fileRef = 1DEFF1DF1CA0E5D800994E2C /* ChineseToPinyin.m */; };
		1DEFF1E31CA122D200994E2C /* SecoundSubjectViewController.m in Sources */ = {isa = PBXBuildFile; fileRef = 1DEFF1E21CA122D200994E2C /* SecoundSubjectViewController.m */; };
		1DF27B4C1CDAD4D900F35BB1 /* PaterTopicQtype4TableViewCell.m in Sources */ = {isa = PBXBuildFile; fileRef = 1DF27B4B1CDAD4D900F35BB1 /* PaterTopicQtype4TableViewCell.m */; };
		1DF27B4E1CDAD4F500F35BB1 /* paterTopicQtype4Cell.xib in Resources */ = {isa = PBXBuildFile; fileRef = 1DF27B4D1CDAD4F500F35BB1 /* paterTopicQtype4Cell.xib */; };
		1DF8984B1CA4C3E800D726E3 /* ViewNullData.m in Sources */ = {isa = PBXBuildFile; fileRef = 1DF8984A1CA4C3E800D726E3 /* ViewNullData.m */; };
		1DF8984D1CA5218000D726E3 /* loginBrg.jpeg in Resources */ = {isa = PBXBuildFile; fileRef = 1DF8984C1CA5218000D726E3 /* loginBrg.jpeg */; };
		1DF8985A1CA53D2B00D726E3 /* MZView.m in Sources */ = {isa = PBXBuildFile; fileRef = 1DF898591CA53D2B00D726E3 /* MZView.m */; };
		1DF950571CA38F4D00104597 /* user_icon.png in Resources */ = {isa = PBXBuildFile; fileRef = 1DF950561CA38F4D00104597 /* user_icon.png */; };
		1DF950591CA38F5800104597 /* km_icon.png in Resources */ = {isa = PBXBuildFile; fileRef = 1DF950581CA38F5800104597 /* km_icon.png */; };
		1DF9506D1CA3BFC500104597 /* SVIndefiniteAnimatedView.m in Sources */ = {isa = PBXBuildFile; fileRef = 1DF950661CA3BFC500104597 /* SVIndefiniteAnimatedView.m */; };
		1DF9506E1CA3BFC500104597 /* SVProgressHUD.bundle in Resources */ = {isa = PBXBuildFile; fileRef = 1DF950681CA3BFC500104597 /* SVProgressHUD.bundle */; };
		1DF9506F1CA3BFC500104597 /* SVProgressHUD.m in Sources */ = {isa = PBXBuildFile; fileRef = 1DF9506A1CA3BFC500104597 /* SVProgressHUD.m */; };
		1DF950701CA3BFC500104597 /* SVRadialGradientLayer.m in Sources */ = {isa = PBXBuildFile; fileRef = 1DF9506C1CA3BFC500104597 /* SVRadialGradientLayer.m */; };
		1DF950721CA3C49D00104597 /* SystemConfiguration.framework in Frameworks */ = {isa = PBXBuildFile; fileRef = 1DF950711CA3C49D00104597 /* SystemConfiguration.framework */; };
		1DF950751CA3C52200104597 /* Reachability.m in Sources */ = {isa = PBXBuildFile; fileRef = 1DF950741CA3C52200104597 /* Reachability.m */; };
/* End PBXBuildFile section */

/* Begin PBXContainerItemProxy section */
		1DEDC7ED1C9F817B0083B394 /* PBXContainerItemProxy */ = {
			isa = PBXContainerItemProxy;
			containerPortal = 1DEDC7CB1C9F817B0083B394 /* Project object */;
			proxyType = 1;
			remoteGlobalIDString = 1DEDC7D21C9F817B0083B394;
			remoteInfo = TyDtk;
		};
		1DEDC7F81C9F817B0083B394 /* PBXContainerItemProxy */ = {
			isa = PBXContainerItemProxy;
			containerPortal = 1DEDC7CB1C9F817B0083B394 /* Project object */;
			proxyType = 1;
			remoteGlobalIDString = 1DEDC7D21C9F817B0083B394;
			remoteInfo = TyDtk;
		};
/* End PBXContainerItemProxy section */

/* Begin PBXFileReference section */
		1D03B24B1CC5BF1E00DCE77A /* NotesOrErrorTableViewCell.h */ = {isa = PBXFileReference; fileEncoding = 4; lastKnownFileType = sourcecode.c.h; path = NotesOrErrorTableViewCell.h; sourceTree = "<group>"; };
		1D03B24C1CC5BF1E00DCE77A /* NotesOrErrorTableViewCell.m */ = {isa = PBXFileReference; fileEncoding = 4; lastKnownFileType = sourcecode.c.objc; path = NotesOrErrorTableViewCell.m; sourceTree = "<group>"; };
		1D03B2901CC6131A00DCE77A /* PaterTopicQtype6TableViewCell.h */ = {isa = PBXFileReference; fileEncoding = 4; lastKnownFileType = sourcecode.c.h; path = PaterTopicQtype6TableViewCell.h; sourceTree = "<group>"; };
		1D03B2911CC6131A00DCE77A /* PaterTopicQtype6TableViewCell.m */ = {isa = PBXFileReference; fileEncoding = 4; lastKnownFileType = sourcecode.c.objc; path = PaterTopicQtype6TableViewCell.m; sourceTree = "<group>"; };
		1D064E011CBB3303007BD4E4 /* StartDoTopicViewController.h */ = {isa = PBXFileReference; fileEncoding = 4; lastKnownFileType = sourcecode.c.h; path = StartDoTopicViewController.h; sourceTree = "<group>"; };
		1D064E021CBB3303007BD4E4 /* StartDoTopicViewController.m */ = {isa = PBXFileReference; fileEncoding = 4; lastKnownFileType = sourcecode.c.objc; path = StartDoTopicViewController.m; sourceTree = "<group>"; };
		1D064E441CBB6A4B007BD4E4 /* PatersTopicViewController.h */ = {isa = PBXFileReference; fileEncoding = 4; lastKnownFileType = sourcecode.c.h; path = PatersTopicViewController.h; sourceTree = "<group>"; };
		1D064E451CBB6A4B007BD4E4 /* PatersTopicViewController.m */ = {isa = PBXFileReference; fileEncoding = 4; lastKnownFileType = sourcecode.c.objc; path = PatersTopicViewController.m; sourceTree = "<group>"; };
		1D10C9871CB3A74C00040913 /* UserIndexViewController.h */ = {isa = PBXFileReference; fileEncoding = 4; lastKnownFileType = sourcecode.c.h; path = UserIndexViewController.h; sourceTree = "<group>"; };
		1D10C9881CB3A74C00040913 /* UserIndexViewController.m */ = {isa = PBXFileReference; fileEncoding = 4; lastKnownFileType = sourcecode.c.objc; path = UserIndexViewController.m; sourceTree = "<group>"; };
		1D1626911CBDD5CC0050784B /* TopicCardCollectionView.h */ = {isa = PBXFileReference; fileEncoding = 4; lastKnownFileType = sourcecode.c.h; path = TopicCardCollectionView.h; sourceTree = "<group>"; };
		1D1626921CBDD5CC0050784B /* TopicCardCollectionView.m */ = {isa = PBXFileReference; fileEncoding = 4; lastKnownFileType = sourcecode.c.objc; path = TopicCardCollectionView.m; sourceTree = "<group>"; };
		1D165E671CD1DA1E00F61EAE /* NotesView.xib */ = {isa = PBXFileReference; fileEncoding = 4; lastKnownFileType = file.xib; path = NotesView.xib; sourceTree = "<group>"; };
		1D165E691CD1DA4800F61EAE /* NotesView.h */ = {isa = PBXFileReference; fileEncoding = 4; lastKnownFileType = sourcecode.c.h; path = NotesView.h; sourceTree = "<group>"; };
		1D165E6A1CD1DA4800F61EAE /* NotesView.m */ = {isa = PBXFileReference; fileEncoding = 4; lastKnownFileType = sourcecode.c.objc; path = NotesView.m; sourceTree = "<group>"; };
		1D165E6E1CD1F84700F61EAE /* ErrorView.xib */ = {isa = PBXFileReference; fileEncoding = 4; lastKnownFileType = file.xib; path = ErrorView.xib; sourceTree = "<group>"; };
		1D165E701CD1F85800F61EAE /* ErrorView.h */ = {isa = PBXFileReference; fileEncoding = 4; lastKnownFileType = sourcecode.c.h; path = ErrorView.h; sourceTree = "<group>"; };
		1D165E711CD1F85800F61EAE /* ErrorView.m */ = {isa = PBXFileReference; fileEncoding = 4; lastKnownFileType = sourcecode.c.objc; path = ErrorView.m; sourceTree = "<group>"; };
		1D18A02B1CAB7D690022642C /* CustomTools.h */ = {isa = PBXFileReference; fileEncoding = 4; lastKnownFileType = sourcecode.c.h; path = CustomTools.h; sourceTree = "<group>"; };
		1D18A02C1CAB7D690022642C /* CustomTools.m */ = {isa = PBXFileReference; fileEncoding = 4; lastKnownFileType = sourcecode.c.objc; path = CustomTools.m; sourceTree = "<group>"; };
		1D18A02E1CABB0E00022642C /* SubjectInfoViewController.h */ = {isa = PBXFileReference; fileEncoding = 4; lastKnownFileType = sourcecode.c.h; path = SubjectInfoViewController.h; sourceTree = "<group>"; };
		1D18A02F1CABB0E00022642C /* SubjectInfoViewController.m */ = {isa = PBXFileReference; fileEncoding = 4; lastKnownFileType = sourcecode.c.objc; path = SubjectInfoViewController.m; sourceTree = "<group>"; };
		1D1CD8891CD2EE4800A80E88 /* LXAlertView.h */ = {isa = PBXFileReference; fileEncoding = 4; lastKnownFileType = sourcecode.c.h; path = LXAlertView.h; sourceTree = "<group>"; };
		1D1CD88A1CD2EE4800A80E88 /* LXAlertView.m */ = {isa = PBXFileReference; fileEncoding = 4; lastKnownFileType = sourcecode.c.objc; path = LXAlertView.m; sourceTree = "<group>"; };
		1D1CD88B1CD2EE4800A80E88 /* UILabel+LXAdd.h */ = {isa = PBXFileReference; fileEncoding = 4; lastKnownFileType = sourcecode.c.h; path = "UILabel+LXAdd.h"; sourceTree = "<group>"; };
		1D1CD88C1CD2EE4800A80E88 /* UILabel+LXAdd.m */ = {isa = PBXFileReference; fileEncoding = 4; lastKnownFileType = sourcecode.c.objc; path = "UILabel+LXAdd.m"; sourceTree = "<group>"; };
		1D2A6B161CB49B02005D3455 /* ChaptersViewController.h */ = {isa = PBXFileReference; fileEncoding = 4; lastKnownFileType = sourcecode.c.h; path = ChaptersViewController.h; sourceTree = "<group>"; };
		1D2A6B171CB49B02005D3455 /* ChaptersViewController.m */ = {isa = PBXFileReference; fileEncoding = 4; lastKnownFileType = sourcecode.c.objc; path = ChaptersViewController.m; sourceTree = "<group>"; };
		1D2A6B191CB4AC72005D3455 /* ModelPapersViewController.h */ = {isa = PBXFileReference; fileEncoding = 4; lastKnownFileType = sourcecode.c.h; path = ModelPapersViewController.h; sourceTree = "<group>"; };
		1D2A6B1A1CB4AC72005D3455 /* ModelPapersViewController.m */ = {isa = PBXFileReference; fileEncoding = 4; lastKnownFileType = sourcecode.c.objc; path = ModelPapersViewController.m; sourceTree = "<group>"; };
		1D31827A1CD8352D00AD4773 /* paterTopicQtype3Cell.xib */ = {isa = PBXFileReference; fileEncoding = 4; lastKnownFileType = file.xib; path = paterTopicQtype3Cell.xib; sourceTree = "<group>"; };
		1D31827C1CD835BB00AD4773 /* PaterTopicQtype3TableViewCell.h */ = {isa = PBXFileReference; fileEncoding = 4; lastKnownFileType = sourcecode.c.h; path = PaterTopicQtype3TableViewCell.h; sourceTree = "<group>"; };
		1D31827D1CD835BB00AD4773 /* PaterTopicQtype3TableViewCell.m */ = {isa = PBXFileReference; fileEncoding = 4; lastKnownFileType = sourcecode.c.objc; path = PaterTopicQtype3TableViewCell.m; sourceTree = "<group>"; };
		1D86FA311CCDFC23007DF87C /* ErrorTopicView.h */ = {isa = PBXFileReference; fileEncoding = 4; lastKnownFileType = sourcecode.c.h; path = ErrorTopicView.h; sourceTree = "<group>"; };
		1D86FA321CCDFC23007DF87C /* ErrorTopicView.m */ = {isa = PBXFileReference; fileEncoding = 4; lastKnownFileType = sourcecode.c.objc; path = ErrorTopicView.m; sourceTree = "<group>"; };
		1DC18ED21CB795D50006D642 /* MJRefreshAutoFooter.h */ = {isa = PBXFileReference; fileEncoding = 4; lastKnownFileType = sourcecode.c.h; path = MJRefreshAutoFooter.h; sourceTree = "<group>"; };
		1DC18ED31CB795D50006D642 /* MJRefreshAutoFooter.m */ = {isa = PBXFileReference; fileEncoding = 4; lastKnownFileType = sourcecode.c.objc; path = MJRefreshAutoFooter.m; sourceTree = "<group>"; };
		1DC18ED41CB795D50006D642 /* MJRefreshBackFooter.h */ = {isa = PBXFileReference; fileEncoding = 4; lastKnownFileType = sourcecode.c.h; path = MJRefreshBackFooter.h; sourceTree = "<group>"; };
		1DC18ED51CB795D50006D642 /* MJRefreshBackFooter.m */ = {isa = PBXFileReference; fileEncoding = 4; lastKnownFileType = sourcecode.c.objc; path = MJRefreshBackFooter.m; sourceTree = "<group>"; };
		1DC18ED61CB795D50006D642 /* MJRefreshComponent.h */ = {isa = PBXFileReference; fileEncoding = 4; lastKnownFileType = sourcecode.c.h; path = MJRefreshComponent.h; sourceTree = "<group>"; };
		1DC18ED71CB795D50006D642 /* MJRefreshComponent.m */ = {isa = PBXFileReference; fileEncoding = 4; lastKnownFileType = sourcecode.c.objc; path = MJRefreshComponent.m; sourceTree = "<group>"; };
		1DC18ED81CB795D50006D642 /* MJRefreshFooter.h */ = {isa = PBXFileReference; fileEncoding = 4; lastKnownFileType = sourcecode.c.h; path = MJRefreshFooter.h; sourceTree = "<group>"; };
		1DC18ED91CB795D50006D642 /* MJRefreshFooter.m */ = {isa = PBXFileReference; fileEncoding = 4; lastKnownFileType = sourcecode.c.objc; path = MJRefreshFooter.m; sourceTree = "<group>"; };
		1DC18EDA1CB795D50006D642 /* MJRefreshHeader.h */ = {isa = PBXFileReference; fileEncoding = 4; lastKnownFileType = sourcecode.c.h; path = MJRefreshHeader.h; sourceTree = "<group>"; };
		1DC18EDB1CB795D50006D642 /* MJRefreshHeader.m */ = {isa = PBXFileReference; fileEncoding = 4; lastKnownFileType = sourcecode.c.objc; path = MJRefreshHeader.m; sourceTree = "<group>"; };
		1DC18EDF1CB795D50006D642 /* MJRefreshAutoGifFooter.h */ = {isa = PBXFileReference; fileEncoding = 4; lastKnownFileType = sourcecode.c.h; path = MJRefreshAutoGifFooter.h; sourceTree = "<group>"; };
		1DC18EE01CB795D50006D642 /* MJRefreshAutoGifFooter.m */ = {isa = PBXFileReference; fileEncoding = 4; lastKnownFileType = sourcecode.c.objc; path = MJRefreshAutoGifFooter.m; sourceTree = "<group>"; };
		1DC18EE11CB795D50006D642 /* MJRefreshAutoNormalFooter.h */ = {isa = PBXFileReference; fileEncoding = 4; lastKnownFileType = sourcecode.c.h; path = MJRefreshAutoNormalFooter.h; sourceTree = "<group>"; };
		1DC18EE21CB795D50006D642 /* MJRefreshAutoNormalFooter.m */ = {isa = PBXFileReference; fileEncoding = 4; lastKnownFileType = sourcecode.c.objc; path = MJRefreshAutoNormalFooter.m; sourceTree = "<group>"; };
		1DC18EE31CB795D50006D642 /* MJRefreshAutoStateFooter.h */ = {isa = PBXFileReference; fileEncoding = 4; lastKnownFileType = sourcecode.c.h; path = MJRefreshAutoStateFooter.h; sourceTree = "<group>"; };
		1DC18EE41CB795D50006D642 /* MJRefreshAutoStateFooter.m */ = {isa = PBXFileReference; fileEncoding = 4; lastKnownFileType = sourcecode.c.objc; path = MJRefreshAutoStateFooter.m; sourceTree = "<group>"; };
		1DC18EE61CB795D50006D642 /* MJRefreshBackGifFooter.h */ = {isa = PBXFileReference; fileEncoding = 4; lastKnownFileType = sourcecode.c.h; path = MJRefreshBackGifFooter.h; sourceTree = "<group>"; };
		1DC18EE71CB795D50006D642 /* MJRefreshBackGifFooter.m */ = {isa = PBXFileReference; fileEncoding = 4; lastKnownFileType = sourcecode.c.objc; path = MJRefreshBackGifFooter.m; sourceTree = "<group>"; };
		1DC18EE81CB795D50006D642 /* MJRefreshBackNormalFooter.h */ = {isa = PBXFileReference; fileEncoding = 4; lastKnownFileType = sourcecode.c.h; path = MJRefreshBackNormalFooter.h; sourceTree = "<group>"; };
		1DC18EE91CB795D50006D642 /* MJRefreshBackNormalFooter.m */ = {isa = PBXFileReference; fileEncoding = 4; lastKnownFileType = sourcecode.c.objc; path = MJRefreshBackNormalFooter.m; sourceTree = "<group>"; };
		1DC18EEA1CB795D50006D642 /* MJRefreshBackStateFooter.h */ = {isa = PBXFileReference; fileEncoding = 4; lastKnownFileType = sourcecode.c.h; path = MJRefreshBackStateFooter.h; sourceTree = "<group>"; };
		1DC18EEB1CB795D50006D642 /* MJRefreshBackStateFooter.m */ = {isa = PBXFileReference; fileEncoding = 4; lastKnownFileType = sourcecode.c.objc; path = MJRefreshBackStateFooter.m; sourceTree = "<group>"; };
		1DC18EED1CB795D50006D642 /* MJRefreshGifHeader.h */ = {isa = PBXFileReference; fileEncoding = 4; lastKnownFileType = sourcecode.c.h; path = MJRefreshGifHeader.h; sourceTree = "<group>"; };
		1DC18EEE1CB795D50006D642 /* MJRefreshGifHeader.m */ = {isa = PBXFileReference; fileEncoding = 4; lastKnownFileType = sourcecode.c.objc; path = MJRefreshGifHeader.m; sourceTree = "<group>"; };
		1DC18EEF1CB795D50006D642 /* MJRefreshNormalHeader.h */ = {isa = PBXFileReference; fileEncoding = 4; lastKnownFileType = sourcecode.c.h; path = MJRefreshNormalHeader.h; sourceTree = "<group>"; };
		1DC18EF01CB795D50006D642 /* MJRefreshNormalHeader.m */ = {isa = PBXFileReference; fileEncoding = 4; lastKnownFileType = sourcecode.c.objc; path = MJRefreshNormalHeader.m; sourceTree = "<group>"; };
		1DC18EF11CB795D50006D642 /* MJRefreshStateHeader.h */ = {isa = PBXFileReference; fileEncoding = 4; lastKnownFileType = sourcecode.c.h; path = MJRefreshStateHeader.h; sourceTree = "<group>"; };
		1DC18EF21CB795D50006D642 /* MJRefreshStateHeader.m */ = {isa = PBXFileReference; fileEncoding = 4; lastKnownFileType = sourcecode.c.objc; path = MJRefreshStateHeader.m; sourceTree = "<group>"; };
		1DC18EF31CB795D50006D642 /* MJRefresh.bundle */ = {isa = PBXFileReference; lastKnownFileType = "wrapper.plug-in"; path = MJRefresh.bundle; sourceTree = "<group>"; };
		1DC18EF41CB795D50006D642 /* MJRefresh.h */ = {isa = PBXFileReference; fileEncoding = 4; lastKnownFileType = sourcecode.c.h; path = MJRefresh.h; sourceTree = "<group>"; };
		1DC18EF51CB795D50006D642 /* MJRefreshConst.h */ = {isa = PBXFileReference; fileEncoding = 4; lastKnownFileType = sourcecode.c.h; path = MJRefreshConst.h; sourceTree = "<group>"; };
		1DC18EF61CB795D50006D642 /* MJRefreshConst.m */ = {isa = PBXFileReference; fileEncoding = 4; lastKnownFileType = sourcecode.c.objc; path = MJRefreshConst.m; sourceTree = "<group>"; };
		1DC18EF71CB795D50006D642 /* UIScrollView+MJExtension.h */ = {isa = PBXFileReference; fileEncoding = 4; lastKnownFileType = sourcecode.c.h; path = "UIScrollView+MJExtension.h"; sourceTree = "<group>"; };
		1DC18EF81CB795D50006D642 /* UIScrollView+MJExtension.m */ = {isa = PBXFileReference; fileEncoding = 4; lastKnownFileType = sourcecode.c.objc; path = "UIScrollView+MJExtension.m"; sourceTree = "<group>"; };
		1DC18EF91CB795D50006D642 /* UIScrollView+MJRefresh.h */ = {isa = PBXFileReference; fileEncoding = 4; lastKnownFileType = sourcecode.c.h; path = "UIScrollView+MJRefresh.h"; sourceTree = "<group>"; };
		1DC18EFA1CB795D50006D642 /* UIScrollView+MJRefresh.m */ = {isa = PBXFileReference; fileEncoding = 4; lastKnownFileType = sourcecode.c.objc; path = "UIScrollView+MJRefresh.m"; sourceTree = "<group>"; };
		1DC18EFB1CB795D50006D642 /* UIView+MJExtension.h */ = {isa = PBXFileReference; fileEncoding = 4; lastKnownFileType = sourcecode.c.h; path = "UIView+MJExtension.h"; sourceTree = "<group>"; };
		1DC18EFC1CB795D50006D642 /* UIView+MJExtension.m */ = {isa = PBXFileReference; fileEncoding = 4; lastKnownFileType = sourcecode.c.objc; path = "UIView+MJExtension.m"; sourceTree = "<group>"; };
		1DD2E6F71CB5F21600423484 /* ActiveView.xib */ = {isa = PBXFileReference; fileEncoding = 4; lastKnownFileType = file.xib; path = ActiveView.xib; sourceTree = "<group>"; };
		1DD2E6F91CB5F25800423484 /* ActiveVIew.h */ = {isa = PBXFileReference; fileEncoding = 4; lastKnownFileType = sourcecode.c.h; path = ActiveVIew.h; sourceTree = "<group>"; };
		1DD2E6FA1CB5F25800423484 /* ActiveVIew.m */ = {isa = PBXFileReference; fileEncoding = 4; lastKnownFileType = sourcecode.c.objc; path = ActiveVIew.m; sourceTree = "<group>"; };
		1DDE06661CAA295B00FA1505 /* PhoneForPwdViewController.h */ = {isa = PBXFileReference; fileEncoding = 4; lastKnownFileType = sourcecode.c.h; path = PhoneForPwdViewController.h; sourceTree = "<group>"; };
		1DDE06671CAA295B00FA1505 /* PhoneForPwdViewController.m */ = {isa = PBXFileReference; fileEncoding = 4; lastKnownFileType = sourcecode.c.objc; path = PhoneForPwdViewController.m; sourceTree = "<group>"; };
		1DDE06691CAA296A00FA1505 /* EmailForPwdViewController.h */ = {isa = PBXFileReference; fileEncoding = 4; lastKnownFileType = sourcecode.c.h; path = EmailForPwdViewController.h; sourceTree = "<group>"; };
		1DDE066A1CAA296A00FA1505 /* EmailForPwdViewController.m */ = {isa = PBXFileReference; fileEncoding = 4; lastKnownFileType = sourcecode.c.objc; path = EmailForPwdViewController.m; sourceTree = "<group>"; };
		1DE3F88D1CAE52CA00A290CF /* UINavigationController+FDFullscreenPopGesture.h */ = {isa = PBXFileReference; fileEncoding = 4; lastKnownFileType = sourcecode.c.h; path = "UINavigationController+FDFullscreenPopGesture.h"; sourceTree = "<group>"; };
		1DE3F88E1CAE52CA00A290CF /* UINavigationController+FDFullscreenPopGesture.m */ = {isa = PBXFileReference; fileEncoding = 4; lastKnownFileType = sourcecode.c.objc; path = "UINavigationController+FDFullscreenPopGesture.m"; sourceTree = "<group>"; };
		1DE5F8D21CD092BD0046CD8A /* paterTopicQtype5Cell.xib */ = {isa = PBXFileReference; fileEncoding = 4; lastKnownFileType = file.xib; path = paterTopicQtype5Cell.xib; sourceTree = "<group>"; };
		1DE5F8D41CD093190046CD8A /* paterTopicQtype5TableViewCell.h */ = {isa = PBXFileReference; fileEncoding = 4; lastKnownFileType = sourcecode.c.h; path = paterTopicQtype5TableViewCell.h; sourceTree = "<group>"; };
		1DE5F8D51CD093190046CD8A /* paterTopicQtype5TableViewCell.m */ = {isa = PBXFileReference; fileEncoding = 4; lastKnownFileType = sourcecode.c.objc; path = paterTopicQtype5TableViewCell.m; sourceTree = "<group>"; };
		1DE5F8D71CD0B3F60046CD8A /* paterTopicQtype1and2TableViewCell.h */ = {isa = PBXFileReference; fileEncoding = 4; lastKnownFileType = sourcecode.c.h; path = paterTopicQtype1and2TableViewCell.h; sourceTree = "<group>"; };
		1DE5F8D81CD0B3F60046CD8A /* paterTopicQtype1and2TableViewCell.m */ = {isa = PBXFileReference; fileEncoding = 4; lastKnownFileType = sourcecode.c.objc; path = paterTopicQtype1and2TableViewCell.m; sourceTree = "<group>"; };
		1DE5F8DA1CD0B42D0046CD8A /* TopicQtype1and2Cell.xib */ = {isa = PBXFileReference; fileEncoding = 4; lastKnownFileType = file.xib; path = TopicQtype1and2Cell.xib; sourceTree = "<group>"; };
		1DE5F8DC1CD0BCC30046CD8A /* paterTopicQtype6Cell.xib */ = {isa = PBXFileReference; fileEncoding = 4; lastKnownFileType = file.xib; path = paterTopicQtype6Cell.xib; sourceTree = "<group>"; };
		1DE695D31CA8C75100ED1DA3 /* TestViewController.h */ = {isa = PBXFileReference; fileEncoding = 4; lastKnownFileType = sourcecode.c.h; path = TestViewController.h; sourceTree = "<group>"; };
		1DE695D41CA8C75100ED1DA3 /* TestViewController.m */ = {isa = PBXFileReference; fileEncoding = 4; lastKnownFileType = sourcecode.c.objc; path = TestViewController.m; sourceTree = "<group>"; };
		1DE695DD1CA8D28100ED1DA3 /* PhoneReViewController.h */ = {isa = PBXFileReference; fileEncoding = 4; lastKnownFileType = sourcecode.c.h; path = PhoneReViewController.h; sourceTree = "<group>"; };
		1DE695DE1CA8D28100ED1DA3 /* PhoneReViewController.m */ = {isa = PBXFileReference; fileEncoding = 4; lastKnownFileType = sourcecode.c.objc; path = PhoneReViewController.m; sourceTree = "<group>"; };
		1DE695E01CA8D39200ED1DA3 /* EmailReViewController.h */ = {isa = PBXFileReference; fileEncoding = 4; lastKnownFileType = sourcecode.c.h; path = EmailReViewController.h; sourceTree = "<group>"; };
		1DE695E11CA8D39200ED1DA3 /* EmailReViewController.m */ = {isa = PBXFileReference; fileEncoding = 4; lastKnownFileType = sourcecode.c.objc; path = EmailReViewController.m; sourceTree = "<group>"; };
		1DEB178A1CBC90FA00C82293 /* timelog.png */ = {isa = PBXFileReference; lastKnownFileType = image.png; path = timelog.png; sourceTree = "<group>"; };
		1DEDC7D31C9F817B0083B394 /* TyDtk.app */ = {isa = PBXFileReference; explicitFileType = wrapper.application; includeInIndex = 0; path = TyDtk.app; sourceTree = BUILT_PRODUCTS_DIR; };
		1DEDC7D71C9F817B0083B394 /* main.m */ = {isa = PBXFileReference; lastKnownFileType = sourcecode.c.objc; path = main.m; sourceTree = "<group>"; };
		1DEDC7D91C9F817B0083B394 /* AppDelegate.h */ = {isa = PBXFileReference; lastKnownFileType = sourcecode.c.h; path = AppDelegate.h; sourceTree = "<group>"; };
		1DEDC7DA1C9F817B0083B394 /* AppDelegate.m */ = {isa = PBXFileReference; lastKnownFileType = sourcecode.c.objc; path = AppDelegate.m; sourceTree = "<group>"; };
		1DEDC7E01C9F817B0083B394 /* Base */ = {isa = PBXFileReference; lastKnownFileType = file.storyboard; name = Base; path = Base.lproj/Main.storyboard; sourceTree = "<group>"; };
		1DEDC7E21C9F817B0083B394 /* Assets.xcassets */ = {isa = PBXFileReference; lastKnownFileType = folder.assetcatalog; path = Assets.xcassets; sourceTree = "<group>"; };
		1DEDC7E51C9F817B0083B394 /* Base */ = {isa = PBXFileReference; lastKnownFileType = file.storyboard; name = Base; path = Base.lproj/LaunchScreen.storyboard; sourceTree = "<group>"; };
		1DEDC7E71C9F817B0083B394 /* Info.plist */ = {isa = PBXFileReference; lastKnownFileType = text.plist.xml; path = Info.plist; sourceTree = "<group>"; };
		1DEDC7EC1C9F817B0083B394 /* TyDtkTests.xctest */ = {isa = PBXFileReference; explicitFileType = wrapper.cfbundle; includeInIndex = 0; path = TyDtkTests.xctest; sourceTree = BUILT_PRODUCTS_DIR; };
		1DEDC7F01C9F817B0083B394 /* TyDtkTests.m */ = {isa = PBXFileReference; lastKnownFileType = sourcecode.c.objc; path = TyDtkTests.m; sourceTree = "<group>"; };
		1DEDC7F21C9F817B0083B394 /* Info.plist */ = {isa = PBXFileReference; lastKnownFileType = text.plist.xml; path = Info.plist; sourceTree = "<group>"; };
		1DEDC7F71C9F817B0083B394 /* TyDtkUITests.xctest */ = {isa = PBXFileReference; explicitFileType = wrapper.cfbundle; includeInIndex = 0; path = TyDtkUITests.xctest; sourceTree = BUILT_PRODUCTS_DIR; };
		1DEDC7FB1C9F817B0083B394 /* TyDtkUITests.m */ = {isa = PBXFileReference; lastKnownFileType = sourcecode.c.objc; path = TyDtkUITests.m; sourceTree = "<group>"; };
		1DEDC7FD1C9F817B0083B394 /* Info.plist */ = {isa = PBXFileReference; lastKnownFileType = text.plist.xml; path = Info.plist; sourceTree = "<group>"; };
		1DEDC80B1C9F86170083B394 /* LoginViewController.h */ = {isa = PBXFileReference; fileEncoding = 4; lastKnownFileType = sourcecode.c.h; path = LoginViewController.h; sourceTree = "<group>"; };
		1DEDC80C1C9F86170083B394 /* LoginViewController.m */ = {isa = PBXFileReference; fileEncoding = 4; lastKnownFileType = sourcecode.c.objc; path = LoginViewController.m; sourceTree = "<group>"; };
		1DEDC80E1C9F86400083B394 /* RegisterViewController.h */ = {isa = PBXFileReference; fileEncoding = 4; lastKnownFileType = sourcecode.c.h; path = RegisterViewController.h; sourceTree = "<group>"; };
		1DEDC80F1C9F86400083B394 /* RegisterViewController.m */ = {isa = PBXFileReference; fileEncoding = 4; lastKnownFileType = sourcecode.c.objc; path = RegisterViewController.m; sourceTree = "<group>"; };
		1DEDC8111C9F866C0083B394 /* ForgetPwdViewController.h */ = {isa = PBXFileReference; fileEncoding = 4; lastKnownFileType = sourcecode.c.h; path = ForgetPwdViewController.h; sourceTree = "<group>"; };
		1DEDC8121C9F866C0083B394 /* ForgetPwdViewController.m */ = {isa = PBXFileReference; fileEncoding = 4; lastKnownFileType = sourcecode.c.objc; path = ForgetPwdViewController.m; sourceTree = "<group>"; };
		1DEDC8141C9F880E0083B394 /* IndexViewController.h */ = {isa = PBXFileReference; fileEncoding = 4; lastKnownFileType = sourcecode.c.h; path = IndexViewController.h; sourceTree = "<group>"; };
		1DEDC8151C9F880E0083B394 /* IndexViewController.m */ = {isa = PBXFileReference; fileEncoding = 4; lastKnownFileType = sourcecode.c.objc; path = IndexViewController.m; sourceTree = "<group>"; };
		1DEDC81E1C9F9B660083B394 /* DtkPchFile.pch */ = {isa = PBXFileReference; lastKnownFileType = sourcecode.c.h; path = DtkPchFile.pch; sourceTree = "<group>"; };
		1DEDC82F1C9F9F770083B394 /* login_password.png */ = {isa = PBXFileReference; lastKnownFileType = image.png; path = login_password.png; sourceTree = "<group>"; };
		1DEDC8301C9F9F770083B394 /* login_person.png */ = {isa = PBXFileReference; lastKnownFileType = image.png; path = login_person.png; sourceTree = "<group>"; };
		1DEDC8351C9FA2920083B394 /* MKAnnotationView+WebCache.h */ = {isa = PBXFileReference; fileEncoding = 4; lastKnownFileType = sourcecode.c.h; path = "MKAnnotationView+WebCache.h"; sourceTree = "<group>"; };
		1DEDC8361C9FA2920083B394 /* MKAnnotationView+WebCache.m */ = {isa = PBXFileReference; fileEncoding = 4; lastKnownFileType = sourcecode.c.objc; path = "MKAnnotationView+WebCache.m"; sourceTree = "<group>"; };
		1DEDC8371C9FA2920083B394 /* NSData+ImageContentType.h */ = {isa = PBXFileReference; fileEncoding = 4; lastKnownFileType = sourcecode.c.h; path = "NSData+ImageContentType.h"; sourceTree = "<group>"; };
		1DEDC8381C9FA2920083B394 /* NSData+ImageContentType.m */ = {isa = PBXFileReference; fileEncoding = 4; lastKnownFileType = sourcecode.c.objc; path = "NSData+ImageContentType.m"; sourceTree = "<group>"; };
		1DEDC8391C9FA2920083B394 /* SDImageCache.h */ = {isa = PBXFileReference; fileEncoding = 4; lastKnownFileType = sourcecode.c.h; path = SDImageCache.h; sourceTree = "<group>"; };
		1DEDC83A1C9FA2920083B394 /* SDImageCache.m */ = {isa = PBXFileReference; fileEncoding = 4; lastKnownFileType = sourcecode.c.objc; path = SDImageCache.m; sourceTree = "<group>"; };
		1DEDC83B1C9FA2920083B394 /* SDWebImageCompat.h */ = {isa = PBXFileReference; fileEncoding = 4; lastKnownFileType = sourcecode.c.h; path = SDWebImageCompat.h; sourceTree = "<group>"; };
		1DEDC83C1C9FA2920083B394 /* SDWebImageCompat.m */ = {isa = PBXFileReference; fileEncoding = 4; lastKnownFileType = sourcecode.c.objc; path = SDWebImageCompat.m; sourceTree = "<group>"; };
		1DEDC83D1C9FA2920083B394 /* SDWebImageDecoder.h */ = {isa = PBXFileReference; fileEncoding = 4; lastKnownFileType = sourcecode.c.h; path = SDWebImageDecoder.h; sourceTree = "<group>"; };
		1DEDC83E1C9FA2920083B394 /* SDWebImageDecoder.m */ = {isa = PBXFileReference; fileEncoding = 4; lastKnownFileType = sourcecode.c.objc; path = SDWebImageDecoder.m; sourceTree = "<group>"; };
		1DEDC83F1C9FA2920083B394 /* SDWebImageDownloader.h */ = {isa = PBXFileReference; fileEncoding = 4; lastKnownFileType = sourcecode.c.h; path = SDWebImageDownloader.h; sourceTree = "<group>"; };
		1DEDC8401C9FA2920083B394 /* SDWebImageDownloader.m */ = {isa = PBXFileReference; fileEncoding = 4; lastKnownFileType = sourcecode.c.objc; path = SDWebImageDownloader.m; sourceTree = "<group>"; };
		1DEDC8411C9FA2920083B394 /* SDWebImageDownloaderOperation.h */ = {isa = PBXFileReference; fileEncoding = 4; lastKnownFileType = sourcecode.c.h; path = SDWebImageDownloaderOperation.h; sourceTree = "<group>"; };
		1DEDC8421C9FA2920083B394 /* SDWebImageDownloaderOperation.m */ = {isa = PBXFileReference; fileEncoding = 4; lastKnownFileType = sourcecode.c.objc; path = SDWebImageDownloaderOperation.m; sourceTree = "<group>"; };
		1DEDC8431C9FA2920083B394 /* SDWebImageManager.h */ = {isa = PBXFileReference; fileEncoding = 4; lastKnownFileType = sourcecode.c.h; path = SDWebImageManager.h; sourceTree = "<group>"; };
		1DEDC8441C9FA2920083B394 /* SDWebImageManager.m */ = {isa = PBXFileReference; fileEncoding = 4; lastKnownFileType = sourcecode.c.objc; path = SDWebImageManager.m; sourceTree = "<group>"; };
		1DEDC8451C9FA2920083B394 /* SDWebImageOperation.h */ = {isa = PBXFileReference; fileEncoding = 4; lastKnownFileType = sourcecode.c.h; path = SDWebImageOperation.h; sourceTree = "<group>"; };
		1DEDC8461C9FA2920083B394 /* SDWebImagePrefetcher.h */ = {isa = PBXFileReference; fileEncoding = 4; lastKnownFileType = sourcecode.c.h; path = SDWebImagePrefetcher.h; sourceTree = "<group>"; };
		1DEDC8471C9FA2920083B394 /* SDWebImagePrefetcher.m */ = {isa = PBXFileReference; fileEncoding = 4; lastKnownFileType = sourcecode.c.objc; path = SDWebImagePrefetcher.m; sourceTree = "<group>"; };
		1DEDC8481C9FA2920083B394 /* UIButton+WebCache.h */ = {isa = PBXFileReference; fileEncoding = 4; lastKnownFileType = sourcecode.c.h; path = "UIButton+WebCache.h"; sourceTree = "<group>"; };
		1DEDC8491C9FA2920083B394 /* UIButton+WebCache.m */ = {isa = PBXFileReference; fileEncoding = 4; lastKnownFileType = sourcecode.c.objc; path = "UIButton+WebCache.m"; sourceTree = "<group>"; };
		1DEDC84A1C9FA2920083B394 /* UIImage+GIF.h */ = {isa = PBXFileReference; fileEncoding = 4; lastKnownFileType = sourcecode.c.h; path = "UIImage+GIF.h"; sourceTree = "<group>"; };
		1DEDC84B1C9FA2920083B394 /* UIImage+GIF.m */ = {isa = PBXFileReference; fileEncoding = 4; lastKnownFileType = sourcecode.c.objc; path = "UIImage+GIF.m"; sourceTree = "<group>"; };
		1DEDC84C1C9FA2920083B394 /* UIImage+MultiFormat.h */ = {isa = PBXFileReference; fileEncoding = 4; lastKnownFileType = sourcecode.c.h; path = "UIImage+MultiFormat.h"; sourceTree = "<group>"; };
		1DEDC84D1C9FA2920083B394 /* UIImage+MultiFormat.m */ = {isa = PBXFileReference; fileEncoding = 4; lastKnownFileType = sourcecode.c.objc; path = "UIImage+MultiFormat.m"; sourceTree = "<group>"; };
		1DEDC84E1C9FA2920083B394 /* UIImage+WebP.h */ = {isa = PBXFileReference; fileEncoding = 4; lastKnownFileType = sourcecode.c.h; path = "UIImage+WebP.h"; sourceTree = "<group>"; };
		1DEDC84F1C9FA2920083B394 /* UIImage+WebP.m */ = {isa = PBXFileReference; fileEncoding = 4; lastKnownFileType = sourcecode.c.objc; path = "UIImage+WebP.m"; sourceTree = "<group>"; };
		1DEDC8501C9FA2920083B394 /* UIImageView+HighlightedWebCache.h */ = {isa = PBXFileReference; fileEncoding = 4; lastKnownFileType = sourcecode.c.h; path = "UIImageView+HighlightedWebCache.h"; sourceTree = "<group>"; };
		1DEDC8511C9FA2920083B394 /* UIImageView+HighlightedWebCache.m */ = {isa = PBXFileReference; fileEncoding = 4; lastKnownFileType = sourcecode.c.objc; path = "UIImageView+HighlightedWebCache.m"; sourceTree = "<group>"; };
		1DEDC8521C9FA2920083B394 /* UIImageView+WebCache.h */ = {isa = PBXFileReference; fileEncoding = 4; lastKnownFileType = sourcecode.c.h; path = "UIImageView+WebCache.h"; sourceTree = "<group>"; };
		1DEDC8531C9FA2920083B394 /* UIImageView+WebCache.m */ = {isa = PBXFileReference; fileEncoding = 4; lastKnownFileType = sourcecode.c.objc; path = "UIImageView+WebCache.m"; sourceTree = "<group>"; };
		1DEDC8541C9FA2920083B394 /* UIView+WebCacheOperation.h */ = {isa = PBXFileReference; fileEncoding = 4; lastKnownFileType = sourcecode.c.h; path = "UIView+WebCacheOperation.h"; sourceTree = "<group>"; };
		1DEDC8551C9FA2920083B394 /* UIView+WebCacheOperation.m */ = {isa = PBXFileReference; fileEncoding = 4; lastKnownFileType = sourcecode.c.objc; path = "UIView+WebCacheOperation.m"; sourceTree = "<group>"; };
		1DEDC8661C9FA40A0083B394 /* mainbg.png */ = {isa = PBXFileReference; lastKnownFileType = image.png; path = mainbg.png; sourceTree = "<group>"; };
		1DEDC86A1C9FA66B0083B394 /* AFHTTPSessionManager.h */ = {isa = PBXFileReference; fileEncoding = 4; lastKnownFileType = sourcecode.c.h; path = AFHTTPSessionManager.h; sourceTree = "<group>"; };
		1DEDC86B1C9FA66B0083B394 /* AFHTTPSessionManager.m */ = {isa = PBXFileReference; fileEncoding = 4; lastKnownFileType = sourcecode.c.objc; path = AFHTTPSessionManager.m; sourceTree = "<group>"; };
		1DEDC86C1C9FA66B0083B394 /* AFNetworking.h */ = {isa = PBXFileReference; fileEncoding = 4; lastKnownFileType = sourcecode.c.h; path = AFNetworking.h; sourceTree = "<group>"; };
		1DEDC86D1C9FA66B0083B394 /* AFNetworkReachabilityManager.h */ = {isa = PBXFileReference; fileEncoding = 4; lastKnownFileType = sourcecode.c.h; path = AFNetworkReachabilityManager.h; sourceTree = "<group>"; };
		1DEDC86E1C9FA66B0083B394 /* AFNetworkReachabilityManager.m */ = {isa = PBXFileReference; fileEncoding = 4; lastKnownFileType = sourcecode.c.objc; path = AFNetworkReachabilityManager.m; sourceTree = "<group>"; };
		1DEDC86F1C9FA66B0083B394 /* AFSecurityPolicy.h */ = {isa = PBXFileReference; fileEncoding = 4; lastKnownFileType = sourcecode.c.h; path = AFSecurityPolicy.h; sourceTree = "<group>"; };
		1DEDC8701C9FA66B0083B394 /* AFSecurityPolicy.m */ = {isa = PBXFileReference; fileEncoding = 4; lastKnownFileType = sourcecode.c.objc; path = AFSecurityPolicy.m; sourceTree = "<group>"; };
		1DEDC8711C9FA66B0083B394 /* AFURLRequestSerialization.h */ = {isa = PBXFileReference; fileEncoding = 4; lastKnownFileType = sourcecode.c.h; path = AFURLRequestSerialization.h; sourceTree = "<group>"; };
		1DEDC8721C9FA66B0083B394 /* AFURLRequestSerialization.m */ = {isa = PBXFileReference; fileEncoding = 4; lastKnownFileType = sourcecode.c.objc; path = AFURLRequestSerialization.m; sourceTree = "<group>"; };
		1DEDC8731C9FA66B0083B394 /* AFURLResponseSerialization.h */ = {isa = PBXFileReference; fileEncoding = 4; lastKnownFileType = sourcecode.c.h; path = AFURLResponseSerialization.h; sourceTree = "<group>"; };
		1DEDC8741C9FA66B0083B394 /* AFURLResponseSerialization.m */ = {isa = PBXFileReference; fileEncoding = 4; lastKnownFileType = sourcecode.c.objc; path = AFURLResponseSerialization.m; sourceTree = "<group>"; };
		1DEDC8751C9FA66B0083B394 /* AFURLSessionManager.h */ = {isa = PBXFileReference; fileEncoding = 4; lastKnownFileType = sourcecode.c.h; path = AFURLSessionManager.h; sourceTree = "<group>"; };
		1DEDC8761C9FA66B0083B394 /* AFURLSessionManager.m */ = {isa = PBXFileReference; fileEncoding = 4; lastKnownFileType = sourcecode.c.objc; path = AFURLSessionManager.m; sourceTree = "<group>"; };
		1DEDC87D1C9FA6810083B394 /* HttpTools.h */ = {isa = PBXFileReference; fileEncoding = 4; lastKnownFileType = sourcecode.c.h; path = HttpTools.h; sourceTree = "<group>"; };
		1DEDC87E1C9FA6810083B394 /* HttpTools.m */ = {isa = PBXFileReference; fileEncoding = 4; lastKnownFileType = sourcecode.c.objc; path = HttpTools.m; sourceTree = "<group>"; };
		1DEDC8811C9FD5CD0083B394 /* CoreLocation.framework */ = {isa = PBXFileReference; lastKnownFileType = wrapper.framework; name = CoreLocation.framework; path = System/Library/Frameworks/CoreLocation.framework; sourceTree = SDKROOT; };
		1DEDC8831C9FEDDE0083B394 /* LocationViewController.h */ = {isa = PBXFileReference; fileEncoding = 4; lastKnownFileType = sourcecode.c.h; path = LocationViewController.h; sourceTree = "<group>"; };
		1DEDC8841C9FEDDE0083B394 /* LocationViewController.m */ = {isa = PBXFileReference; fileEncoding = 4; lastKnownFileType = sourcecode.c.objc; path = LocationViewController.m; sourceTree = "<group>"; };
		1DEFF1DE1CA0E5D800994E2C /* ChineseToPinyin.h */ = {isa = PBXFileReference; fileEncoding = 4; lastKnownFileType = sourcecode.c.h; path = ChineseToPinyin.h; sourceTree = "<group>"; };
		1DEFF1DF1CA0E5D800994E2C /* ChineseToPinyin.m */ = {isa = PBXFileReference; fileEncoding = 4; lastKnownFileType = sourcecode.c.objc; path = ChineseToPinyin.m; sourceTree = "<group>"; };
		1DEFF1E11CA122D200994E2C /* SecoundSubjectViewController.h */ = {isa = PBXFileReference; fileEncoding = 4; lastKnownFileType = sourcecode.c.h; path = SecoundSubjectViewController.h; sourceTree = "<group>"; };
		1DEFF1E21CA122D200994E2C /* SecoundSubjectViewController.m */ = {isa = PBXFileReference; fileEncoding = 4; lastKnownFileType = sourcecode.c.objc; path = SecoundSubjectViewController.m; sourceTree = "<group>"; };
		1DF27B4A1CDAD4D900F35BB1 /* PaterTopicQtype4TableViewCell.h */ = {isa = PBXFileReference; fileEncoding = 4; lastKnownFileType = sourcecode.c.h; path = PaterTopicQtype4TableViewCell.h; sourceTree = "<group>"; };
		1DF27B4B1CDAD4D900F35BB1 /* PaterTopicQtype4TableViewCell.m */ = {isa = PBXFileReference; fileEncoding = 4; lastKnownFileType = sourcecode.c.objc; path = PaterTopicQtype4TableViewCell.m; sourceTree = "<group>"; };
		1DF27B4D1CDAD4F500F35BB1 /* paterTopicQtype4Cell.xib */ = {isa = PBXFileReference; fileEncoding = 4; lastKnownFileType = file.xib; path = paterTopicQtype4Cell.xib; sourceTree = "<group>"; };
		1DF898491CA4C3E800D726E3 /* ViewNullData.h */ = {isa = PBXFileReference; fileEncoding = 4; lastKnownFileType = sourcecode.c.h; path = ViewNullData.h; sourceTree = "<group>"; };
		1DF8984A1CA4C3E800D726E3 /* ViewNullData.m */ = {isa = PBXFileReference; fileEncoding = 4; lastKnownFileType = sourcecode.c.objc; path = ViewNullData.m; sourceTree = "<group>"; };
		1DF8984C1CA5218000D726E3 /* loginBrg.jpeg */ = {isa = PBXFileReference; lastKnownFileType = image.jpeg; path = loginBrg.jpeg; sourceTree = "<group>"; };
		1DF898581CA53D2B00D726E3 /* MZView.h */ = {isa = PBXFileReference; fileEncoding = 4; lastKnownFileType = sourcecode.c.h; path = MZView.h; sourceTree = "<group>"; };
		1DF898591CA53D2B00D726E3 /* MZView.m */ = {isa = PBXFileReference; fileEncoding = 4; lastKnownFileType = sourcecode.c.objc; path = MZView.m; sourceTree = "<group>"; };
		1DF950561CA38F4D00104597 /* user_icon.png */ = {isa = PBXFileReference; lastKnownFileType = image.png; path = user_icon.png; sourceTree = "<group>"; };
		1DF950581CA38F5800104597 /* km_icon.png */ = {isa = PBXFileReference; lastKnownFileType = image.png; path = km_icon.png; sourceTree = "<group>"; };
		1DF950651CA3BFC500104597 /* SVIndefiniteAnimatedView.h */ = {isa = PBXFileReference; fileEncoding = 4; lastKnownFileType = sourcecode.c.h; path = SVIndefiniteAnimatedView.h; sourceTree = "<group>"; };
		1DF950661CA3BFC500104597 /* SVIndefiniteAnimatedView.m */ = {isa = PBXFileReference; fileEncoding = 4; lastKnownFileType = sourcecode.c.objc; path = SVIndefiniteAnimatedView.m; sourceTree = "<group>"; };
		1DF950671CA3BFC500104597 /* SVProgressHUD-Prefix.pch */ = {isa = PBXFileReference; fileEncoding = 4; lastKnownFileType = sourcecode.c.h; path = "SVProgressHUD-Prefix.pch"; sourceTree = "<group>"; };
		1DF950681CA3BFC500104597 /* SVProgressHUD.bundle */ = {isa = PBXFileReference; lastKnownFileType = "wrapper.plug-in"; path = SVProgressHUD.bundle; sourceTree = "<group>"; };
		1DF950691CA3BFC500104597 /* SVProgressHUD.h */ = {isa = PBXFileReference; fileEncoding = 4; lastKnownFileType = sourcecode.c.h; path = SVProgressHUD.h; sourceTree = "<group>"; };
		1DF9506A1CA3BFC500104597 /* SVProgressHUD.m */ = {isa = PBXFileReference; fileEncoding = 4; lastKnownFileType = sourcecode.c.objc; path = SVProgressHUD.m; sourceTree = "<group>"; };
		1DF9506B1CA3BFC500104597 /* SVRadialGradientLayer.h */ = {isa = PBXFileReference; fileEncoding = 4; lastKnownFileType = sourcecode.c.h; path = SVRadialGradientLayer.h; sourceTree = "<group>"; };
		1DF9506C1CA3BFC500104597 /* SVRadialGradientLayer.m */ = {isa = PBXFileReference; fileEncoding = 4; lastKnownFileType = sourcecode.c.objc; path = SVRadialGradientLayer.m; sourceTree = "<group>"; };
		1DF950711CA3C49D00104597 /* SystemConfiguration.framework */ = {isa = PBXFileReference; lastKnownFileType = wrapper.framework; name = SystemConfiguration.framework; path = System/Library/Frameworks/SystemConfiguration.framework; sourceTree = SDKROOT; };
		1DF950731CA3C52200104597 /* Reachability.h */ = {isa = PBXFileReference; fileEncoding = 4; lastKnownFileType = sourcecode.c.h; path = Reachability.h; sourceTree = "<group>"; };
		1DF950741CA3C52200104597 /* Reachability.m */ = {isa = PBXFileReference; fileEncoding = 4; lastKnownFileType = sourcecode.c.objc; path = Reachability.m; sourceTree = "<group>"; };
/* End PBXFileReference section */

/* Begin PBXFrameworksBuildPhase section */
		1DEDC7D01C9F817B0083B394 /* Frameworks */ = {
			isa = PBXFrameworksBuildPhase;
			buildActionMask = 2147483647;
			files = (
				1DF950721CA3C49D00104597 /* SystemConfiguration.framework in Frameworks */,
				1DEDC8821C9FD5CD0083B394 /* CoreLocation.framework in Frameworks */,
			);
			runOnlyForDeploymentPostprocessing = 0;
		};
		1DEDC7E91C9F817B0083B394 /* Frameworks */ = {
			isa = PBXFrameworksBuildPhase;
			buildActionMask = 2147483647;
			files = (
			);
			runOnlyForDeploymentPostprocessing = 0;
		};
		1DEDC7F41C9F817B0083B394 /* Frameworks */ = {
			isa = PBXFrameworksBuildPhase;
			buildActionMask = 2147483647;
			files = (
			);
			runOnlyForDeploymentPostprocessing = 0;
		};
/* End PBXFrameworksBuildPhase section */

/* Begin PBXGroup section */
		1D064E431CBB69E2007BD4E4 /* ChildView */ = {
			isa = PBXGroup;
			children = (
				1DC18ECC1CB77D540006D642 /* TableViewModelPaterTopicCell */,
				1D2A6B161CB49B02005D3455 /* ChaptersViewController.h */,
				1D2A6B171CB49B02005D3455 /* ChaptersViewController.m */,
				1D2A6B191CB4AC72005D3455 /* ModelPapersViewController.h */,
				1D2A6B1A1CB4AC72005D3455 /* ModelPapersViewController.m */,
				1D064E011CBB3303007BD4E4 /* StartDoTopicViewController.h */,
				1D064E021CBB3303007BD4E4 /* StartDoTopicViewController.m */,
				1DEB17481CBC7AE000C82293 /* PaterTopic */,
			);
			name = ChildView;
			sourceTree = "<group>";
		};
		1D1CD8881CD2EE4800A80E88 /* LXAlertView */ = {
			isa = PBXGroup;
			children = (
				1D1CD8891CD2EE4800A80E88 /* LXAlertView.h */,
				1D1CD88A1CD2EE4800A80E88 /* LXAlertView.m */,
				1D1CD88B1CD2EE4800A80E88 /* UILabel+LXAdd.h */,
				1D1CD88C1CD2EE4800A80E88 /* UILabel+LXAdd.m */,
			);
			path = LXAlertView;
			sourceTree = "<group>";
		};
		1DC18ECC1CB77D540006D642 /* TableViewModelPaterTopicCell */ = {
			isa = PBXGroup;
			children = (
				1D03B24B1CC5BF1E00DCE77A /* NotesOrErrorTableViewCell.h */,
				1D03B24C1CC5BF1E00DCE77A /* NotesOrErrorTableViewCell.m */,
				1DE5F8DA1CD0B42D0046CD8A /* TopicQtype1and2Cell.xib */,
				1DE5F8D71CD0B3F60046CD8A /* paterTopicQtype1and2TableViewCell.h */,
				1DE5F8D81CD0B3F60046CD8A /* paterTopicQtype1and2TableViewCell.m */,
				1D31827A1CD8352D00AD4773 /* paterTopicQtype3Cell.xib */,
				1D31827C1CD835BB00AD4773 /* PaterTopicQtype3TableViewCell.h */,
				1D31827D1CD835BB00AD4773 /* PaterTopicQtype3TableViewCell.m */,
				1DF27B4D1CDAD4F500F35BB1 /* paterTopicQtype4Cell.xib */,
				1DF27B4A1CDAD4D900F35BB1 /* PaterTopicQtype4TableViewCell.h */,
				1DF27B4B1CDAD4D900F35BB1 /* PaterTopicQtype4TableViewCell.m */,
				1DE5F8D21CD092BD0046CD8A /* paterTopicQtype5Cell.xib */,
				1DE5F8D41CD093190046CD8A /* paterTopicQtype5TableViewCell.h */,
				1DE5F8D51CD093190046CD8A /* paterTopicQtype5TableViewCell.m */,
				1DE5F8DC1CD0BCC30046CD8A /* paterTopicQtype6Cell.xib */,
				1D03B2901CC6131A00DCE77A /* PaterTopicQtype6TableViewCell.h */,
				1D03B2911CC6131A00DCE77A /* PaterTopicQtype6TableViewCell.m */,
				1D165E671CD1DA1E00F61EAE /* NotesView.xib */,
				1D165E691CD1DA4800F61EAE /* NotesView.h */,
				1D165E6A1CD1DA4800F61EAE /* NotesView.m */,
				1D165E6E1CD1F84700F61EAE /* ErrorView.xib */,
				1D165E701CD1F85800F61EAE /* ErrorView.h */,
				1D165E711CD1F85800F61EAE /* ErrorView.m */,
			);
			name = TableViewModelPaterTopicCell;
			sourceTree = "<group>";
		};
		1DC18ED01CB795D50006D642 /* MJRefresh */ = {
			isa = PBXGroup;
			children = (
				1DC18ED11CB795D50006D642 /* Base */,
				1DC18EDC1CB795D50006D642 /* Custom */,
				1DC18EF31CB795D50006D642 /* MJRefresh.bundle */,
				1DC18EF41CB795D50006D642 /* MJRefresh.h */,
				1DC18EF51CB795D50006D642 /* MJRefreshConst.h */,
				1DC18EF61CB795D50006D642 /* MJRefreshConst.m */,
				1DC18EF71CB795D50006D642 /* UIScrollView+MJExtension.h */,
				1DC18EF81CB795D50006D642 /* UIScrollView+MJExtension.m */,
				1DC18EF91CB795D50006D642 /* UIScrollView+MJRefresh.h */,
				1DC18EFA1CB795D50006D642 /* UIScrollView+MJRefresh.m */,
				1DC18EFB1CB795D50006D642 /* UIView+MJExtension.h */,
				1DC18EFC1CB795D50006D642 /* UIView+MJExtension.m */,
			);
			path = MJRefresh;
			sourceTree = "<group>";
		};
		1DC18ED11CB795D50006D642 /* Base */ = {
			isa = PBXGroup;
			children = (
				1DC18ED21CB795D50006D642 /* MJRefreshAutoFooter.h */,
				1DC18ED31CB795D50006D642 /* MJRefreshAutoFooter.m */,
				1DC18ED41CB795D50006D642 /* MJRefreshBackFooter.h */,
				1DC18ED51CB795D50006D642 /* MJRefreshBackFooter.m */,
				1DC18ED61CB795D50006D642 /* MJRefreshComponent.h */,
				1DC18ED71CB795D50006D642 /* MJRefreshComponent.m */,
				1DC18ED81CB795D50006D642 /* MJRefreshFooter.h */,
				1DC18ED91CB795D50006D642 /* MJRefreshFooter.m */,
				1DC18EDA1CB795D50006D642 /* MJRefreshHeader.h */,
				1DC18EDB1CB795D50006D642 /* MJRefreshHeader.m */,
			);
			path = Base;
			sourceTree = "<group>";
		};
		1DC18EDC1CB795D50006D642 /* Custom */ = {
			isa = PBXGroup;
			children = (
				1DC18EDD1CB795D50006D642 /* Footer */,
				1DC18EEC1CB795D50006D642 /* Header */,
			);
			path = Custom;
			sourceTree = "<group>";
		};
		1DC18EDD1CB795D50006D642 /* Footer */ = {
			isa = PBXGroup;
			children = (
				1DC18EDE1CB795D50006D642 /* Auto */,
				1DC18EE51CB795D50006D642 /* Back */,
			);
			path = Footer;
			sourceTree = "<group>";
		};
		1DC18EDE1CB795D50006D642 /* Auto */ = {
			isa = PBXGroup;
			children = (
				1DC18EDF1CB795D50006D642 /* MJRefreshAutoGifFooter.h */,
				1DC18EE01CB795D50006D642 /* MJRefreshAutoGifFooter.m */,
				1DC18EE11CB795D50006D642 /* MJRefreshAutoNormalFooter.h */,
				1DC18EE21CB795D50006D642 /* MJRefreshAutoNormalFooter.m */,
				1DC18EE31CB795D50006D642 /* MJRefreshAutoStateFooter.h */,
				1DC18EE41CB795D50006D642 /* MJRefreshAutoStateFooter.m */,
			);
			path = Auto;
			sourceTree = "<group>";
		};
		1DC18EE51CB795D50006D642 /* Back */ = {
			isa = PBXGroup;
			children = (
				1DC18EE61CB795D50006D642 /* MJRefreshBackGifFooter.h */,
				1DC18EE71CB795D50006D642 /* MJRefreshBackGifFooter.m */,
				1DC18EE81CB795D50006D642 /* MJRefreshBackNormalFooter.h */,
				1DC18EE91CB795D50006D642 /* MJRefreshBackNormalFooter.m */,
				1DC18EEA1CB795D50006D642 /* MJRefreshBackStateFooter.h */,
				1DC18EEB1CB795D50006D642 /* MJRefreshBackStateFooter.m */,
			);
			path = Back;
			sourceTree = "<group>";
		};
		1DC18EEC1CB795D50006D642 /* Header */ = {
			isa = PBXGroup;
			children = (
				1DC18EED1CB795D50006D642 /* MJRefreshGifHeader.h */,
				1DC18EEE1CB795D50006D642 /* MJRefreshGifHeader.m */,
				1DC18EEF1CB795D50006D642 /* MJRefreshNormalHeader.h */,
				1DC18EF01CB795D50006D642 /* MJRefreshNormalHeader.m */,
				1DC18EF11CB795D50006D642 /* MJRefreshStateHeader.h */,
				1DC18EF21CB795D50006D642 /* MJRefreshStateHeader.m */,
			);
			path = Header;
			sourceTree = "<group>";
		};
		1DD2E6F61CB5F1C800423484 /* XibForTk */ = {
			isa = PBXGroup;
			children = (
				1DD2E6F71CB5F21600423484 /* ActiveView.xib */,
				1DD2E6F91CB5F25800423484 /* ActiveVIew.h */,
				1DD2E6FA1CB5F25800423484 /* ActiveVIew.m */,
			);
			name = XibForTk;
			sourceTree = "<group>";
		};
		1DDE06651CAA28FB00FA1505 /* UserFindPwd */ = {
			isa = PBXGroup;
			children = (
				1DDE06661CAA295B00FA1505 /* PhoneForPwdViewController.h */,
				1DDE06671CAA295B00FA1505 /* PhoneForPwdViewController.m */,
				1DDE06691CAA296A00FA1505 /* EmailForPwdViewController.h */,
				1DDE066A1CAA296A00FA1505 /* EmailForPwdViewController.m */,
			);
			name = UserFindPwd;
			sourceTree = "<group>";
		};
		1DE3F88C1CAE52CA00A290CF /* FDFullscreenPopGesture */ = {
			isa = PBXGroup;
			children = (
				1DE3F88D1CAE52CA00A290CF /* UINavigationController+FDFullscreenPopGesture.h */,
				1DE3F88E1CAE52CA00A290CF /* UINavigationController+FDFullscreenPopGesture.m */,
			);
			path = FDFullscreenPopGesture;
			sourceTree = "<group>";
		};
		1DE695D61CA8C9D800ED1DA3 /* UserRegisteView */ = {
			isa = PBXGroup;
			children = (
				1DE695DD1CA8D28100ED1DA3 /* PhoneReViewController.h */,
				1DE695DE1CA8D28100ED1DA3 /* PhoneReViewController.m */,
				1DE695E01CA8D39200ED1DA3 /* EmailReViewController.h */,
				1DE695E11CA8D39200ED1DA3 /* EmailReViewController.m */,
			);
			name = UserRegisteView;
			sourceTree = "<group>";
		};
		1DEB17481CBC7AE000C82293 /* PaterTopic */ = {
			isa = PBXGroup;
			children = (
				1D064E441CBB6A4B007BD4E4 /* PatersTopicViewController.h */,
				1D064E451CBB6A4B007BD4E4 /* PatersTopicViewController.m */,
			);
			name = PaterTopic;
			sourceTree = "<group>";
		};
		1DEDC7CA1C9F817B0083B394 = {
			isa = PBXGroup;
			children = (
				1DEDC7D51C9F817B0083B394 /* TyDtk */,
				1DEDC7EF1C9F817B0083B394 /* TyDtkTests */,
				1DEDC7FA1C9F817B0083B394 /* TyDtkUITests */,
				1DEDC7D41C9F817B0083B394 /* Products */,
			);
			sourceTree = "<group>";
		};
		1DEDC7D41C9F817B0083B394 /* Products */ = {
			isa = PBXGroup;
			children = (
				1DEDC7D31C9F817B0083B394 /* TyDtk.app */,
				1DEDC7EC1C9F817B0083B394 /* TyDtkTests.xctest */,
				1DEDC7F71C9F817B0083B394 /* TyDtkUITests.xctest */,
			);
			name = Products;
			sourceTree = "<group>";
		};
		1DEDC7D51C9F817B0083B394 /* TyDtk */ = {
			isa = PBXGroup;
			children = (
				1DEDC81E1C9F9B660083B394 /* DtkPchFile.pch */,
				1DEDC8331C9FA2920083B394 /* SDK */,
				1DEDC8681C9FA6460083B394 /* Tools */,
				1DEDC82E1C9F9F770083B394 /* Imgs */,
				1DEDC80A1C9F85BD0083B394 /* TyDtk */,
				1DEDC8091C9F85AF0083B394 /* TyUser */,
				1DEDC7D91C9F817B0083B394 /* AppDelegate.h */,
				1DEDC7DA1C9F817B0083B394 /* AppDelegate.m */,
				1DE695D31CA8C75100ED1DA3 /* TestViewController.h */,
				1DE695D41CA8C75100ED1DA3 /* TestViewController.m */,
				1DEDC7DF1C9F817B0083B394 /* Main.storyboard */,
				1DEDC7E21C9F817B0083B394 /* Assets.xcassets */,
				1DEDC7E41C9F817B0083B394 /* LaunchScreen.storyboard */,
				1DEDC7E71C9F817B0083B394 /* Info.plist */,
				1DEDC7D61C9F817B0083B394 /* Supporting Files */,
				1DEDC8801C9FD5770083B394 /* FrameWork */,
			);
			path = TyDtk;
			sourceTree = "<group>";
		};
		1DEDC7D61C9F817B0083B394 /* Supporting Files */ = {
			isa = PBXGroup;
			children = (
				1DEDC7D71C9F817B0083B394 /* main.m */,
			);
			name = "Supporting Files";
			sourceTree = "<group>";
		};
		1DEDC7EF1C9F817B0083B394 /* TyDtkTests */ = {
			isa = PBXGroup;
			children = (
				1DEDC7F01C9F817B0083B394 /* TyDtkTests.m */,
				1DEDC7F21C9F817B0083B394 /* Info.plist */,
			);
			path = TyDtkTests;
			sourceTree = "<group>";
		};
		1DEDC7FA1C9F817B0083B394 /* TyDtkUITests */ = {
			isa = PBXGroup;
			children = (
				1DEDC7FB1C9F817B0083B394 /* TyDtkUITests.m */,
				1DEDC7FD1C9F817B0083B394 /* Info.plist */,
			);
			path = TyDtkUITests;
			sourceTree = "<group>";
		};
		1DEDC8091C9F85AF0083B394 /* TyUser */ = {
			isa = PBXGroup;
			children = (
				1DDE06651CAA28FB00FA1505 /* UserFindPwd */,
				1DE695D61CA8C9D800ED1DA3 /* UserRegisteView */,
				1D10C9871CB3A74C00040913 /* UserIndexViewController.h */,
				1D10C9881CB3A74C00040913 /* UserIndexViewController.m */,
				1DEDC80B1C9F86170083B394 /* LoginViewController.h */,
				1DEDC80C1C9F86170083B394 /* LoginViewController.m */,
				1DEDC80E1C9F86400083B394 /* RegisterViewController.h */,
				1DEDC80F1C9F86400083B394 /* RegisterViewController.m */,
				1DEDC8111C9F866C0083B394 /* ForgetPwdViewController.h */,
				1DEDC8121C9F866C0083B394 /* ForgetPwdViewController.m */,
			);
			name = TyUser;
			sourceTree = "<group>";
		};
		1DEDC80A1C9F85BD0083B394 /* TyDtk */ = {
			isa = PBXGroup;
			children = (
				1D064E431CBB69E2007BD4E4 /* ChildView */,
				1DD2E6F61CB5F1C800423484 /* XibForTk */,
				1DEDC8141C9F880E0083B394 /* IndexViewController.h */,
				1DEDC8151C9F880E0083B394 /* IndexViewController.m */,
				1DEDC8831C9FEDDE0083B394 /* LocationViewController.h */,
				1DEDC8841C9FEDDE0083B394 /* LocationViewController.m */,
				1DEFF1E11CA122D200994E2C /* SecoundSubjectViewController.h */,
				1DEFF1E21CA122D200994E2C /* SecoundSubjectViewController.m */,
				1D18A02E1CABB0E00022642C /* SubjectInfoViewController.h */,
				1D18A02F1CABB0E00022642C /* SubjectInfoViewController.m */,
			);
			name = TyDtk;
			sourceTree = "<group>";
		};
		1DEDC82E1C9F9F770083B394 /* Imgs */ = {
			isa = PBXGroup;
			children = (
				1DEB178A1CBC90FA00C82293 /* timelog.png */,
				1DF8984C1CA5218000D726E3 /* loginBrg.jpeg */,
				1DF950581CA38F5800104597 /* km_icon.png */,
				1DF950561CA38F4D00104597 /* user_icon.png */,
				1DEDC82F1C9F9F770083B394 /* login_password.png */,
				1DEDC8301C9F9F770083B394 /* login_person.png */,
				1DEDC8661C9FA40A0083B394 /* mainbg.png */,
			);
			path = Imgs;
			sourceTree = "<group>";
		};
		1DEDC8331C9FA2920083B394 /* SDK */ = {
			isa = PBXGroup;
			children = (
				1DF950641CA3BFC500104597 /* SVProgressHUD */,
				1D1CD8881CD2EE4800A80E88 /* LXAlertView */,
				1DC18ED01CB795D50006D642 /* MJRefresh */,
				1DE3F88C1CAE52CA00A290CF /* FDFullscreenPopGesture */,
				1DEDC8691C9FA66B0083B394 /* AFNetworking */,
				1DEDC8341C9FA2920083B394 /* SDWebImage */,
			);
			name = SDK;
			path = ../SDK;
			sourceTree = "<group>";
		};
		1DEDC8341C9FA2920083B394 /* SDWebImage */ = {
			isa = PBXGroup;
			children = (
				1DEDC8351C9FA2920083B394 /* MKAnnotationView+WebCache.h */,
				1DEDC8361C9FA2920083B394 /* MKAnnotationView+WebCache.m */,
				1DEDC8371C9FA2920083B394 /* NSData+ImageContentType.h */,
				1DEDC8381C9FA2920083B394 /* NSData+ImageContentType.m */,
				1DEDC8391C9FA2920083B394 /* SDImageCache.h */,
				1DEDC83A1C9FA2920083B394 /* SDImageCache.m */,
				1DEDC83B1C9FA2920083B394 /* SDWebImageCompat.h */,
				1DEDC83C1C9FA2920083B394 /* SDWebImageCompat.m */,
				1DEDC83D1C9FA2920083B394 /* SDWebImageDecoder.h */,
				1DEDC83E1C9FA2920083B394 /* SDWebImageDecoder.m */,
				1DEDC83F1C9FA2920083B394 /* SDWebImageDownloader.h */,
				1DEDC8401C9FA2920083B394 /* SDWebImageDownloader.m */,
				1DEDC8411C9FA2920083B394 /* SDWebImageDownloaderOperation.h */,
				1DEDC8421C9FA2920083B394 /* SDWebImageDownloaderOperation.m */,
				1DEDC8431C9FA2920083B394 /* SDWebImageManager.h */,
				1DEDC8441C9FA2920083B394 /* SDWebImageManager.m */,
				1DEDC8451C9FA2920083B394 /* SDWebImageOperation.h */,
				1DEDC8461C9FA2920083B394 /* SDWebImagePrefetcher.h */,
				1DEDC8471C9FA2920083B394 /* SDWebImagePrefetcher.m */,
				1DEDC8481C9FA2920083B394 /* UIButton+WebCache.h */,
				1DEDC8491C9FA2920083B394 /* UIButton+WebCache.m */,
				1DEDC84A1C9FA2920083B394 /* UIImage+GIF.h */,
				1DEDC84B1C9FA2920083B394 /* UIImage+GIF.m */,
				1DEDC84C1C9FA2920083B394 /* UIImage+MultiFormat.h */,
				1DEDC84D1C9FA2920083B394 /* UIImage+MultiFormat.m */,
				1DEDC84E1C9FA2920083B394 /* UIImage+WebP.h */,
				1DEDC84F1C9FA2920083B394 /* UIImage+WebP.m */,
				1DEDC8501C9FA2920083B394 /* UIImageView+HighlightedWebCache.h */,
				1DEDC8511C9FA2920083B394 /* UIImageView+HighlightedWebCache.m */,
				1DEDC8521C9FA2920083B394 /* UIImageView+WebCache.h */,
				1DEDC8531C9FA2920083B394 /* UIImageView+WebCache.m */,
				1DEDC8541C9FA2920083B394 /* UIView+WebCacheOperation.h */,
				1DEDC8551C9FA2920083B394 /* UIView+WebCacheOperation.m */,
			);
			path = SDWebImage;
			sourceTree = "<group>";
		};
		1DEDC8681C9FA6460083B394 /* Tools */ = {
			isa = PBXGroup;
			children = (
				1DEFF1DE1CA0E5D800994E2C /* ChineseToPinyin.h */,
				1DEFF1DF1CA0E5D800994E2C /* ChineseToPinyin.m */,
				1DEDC87D1C9FA6810083B394 /* HttpTools.h */,
				1DEDC87E1C9FA6810083B394 /* HttpTools.m */,
				1DF950731CA3C52200104597 /* Reachability.h */,
				1DF950741CA3C52200104597 /* Reachability.m */,
				1DF898491CA4C3E800D726E3 /* ViewNullData.h */,
				1DF8984A1CA4C3E800D726E3 /* ViewNullData.m */,
				1DF898581CA53D2B00D726E3 /* MZView.h */,
				1DF898591CA53D2B00D726E3 /* MZView.m */,
				1D18A02B1CAB7D690022642C /* CustomTools.h */,
				1D18A02C1CAB7D690022642C /* CustomTools.m */,
				1D1626911CBDD5CC0050784B /* TopicCardCollectionView.h */,
				1D1626921CBDD5CC0050784B /* TopicCardCollectionView.m */,
				1D86FA311CCDFC23007DF87C /* ErrorTopicView.h */,
				1D86FA321CCDFC23007DF87C /* ErrorTopicView.m */,
			);
			name = Tools;
			sourceTree = "<group>";
		};
		1DEDC8691C9FA66B0083B394 /* AFNetworking */ = {
			isa = PBXGroup;
			children = (
				1DEDC86A1C9FA66B0083B394 /* AFHTTPSessionManager.h */,
				1DEDC86B1C9FA66B0083B394 /* AFHTTPSessionManager.m */,
				1DEDC86C1C9FA66B0083B394 /* AFNetworking.h */,
				1DEDC86D1C9FA66B0083B394 /* AFNetworkReachabilityManager.h */,
				1DEDC86E1C9FA66B0083B394 /* AFNetworkReachabilityManager.m */,
				1DEDC86F1C9FA66B0083B394 /* AFSecurityPolicy.h */,
				1DEDC8701C9FA66B0083B394 /* AFSecurityPolicy.m */,
				1DEDC8711C9FA66B0083B394 /* AFURLRequestSerialization.h */,
				1DEDC8721C9FA66B0083B394 /* AFURLRequestSerialization.m */,
				1DEDC8731C9FA66B0083B394 /* AFURLResponseSerialization.h */,
				1DEDC8741C9FA66B0083B394 /* AFURLResponseSerialization.m */,
				1DEDC8751C9FA66B0083B394 /* AFURLSessionManager.h */,
				1DEDC8761C9FA66B0083B394 /* AFURLSessionManager.m */,
			);
			path = AFNetworking;
			sourceTree = "<group>";
		};
		1DEDC8801C9FD5770083B394 /* FrameWork */ = {
			isa = PBXGroup;
			children = (
				1DF950711CA3C49D00104597 /* SystemConfiguration.framework */,
				1DEDC8811C9FD5CD0083B394 /* CoreLocation.framework */,
			);
			name = FrameWork;
			sourceTree = "<group>";
		};
		1DF950641CA3BFC500104597 /* SVProgressHUD */ = {
			isa = PBXGroup;
			children = (
				1DF950651CA3BFC500104597 /* SVIndefiniteAnimatedView.h */,
				1DF950661CA3BFC500104597 /* SVIndefiniteAnimatedView.m */,
				1DF950671CA3BFC500104597 /* SVProgressHUD-Prefix.pch */,
				1DF950681CA3BFC500104597 /* SVProgressHUD.bundle */,
				1DF950691CA3BFC500104597 /* SVProgressHUD.h */,
				1DF9506A1CA3BFC500104597 /* SVProgressHUD.m */,
				1DF9506B1CA3BFC500104597 /* SVRadialGradientLayer.h */,
				1DF9506C1CA3BFC500104597 /* SVRadialGradientLayer.m */,
			);
			name = SVProgressHUD;
			path = ../TyDtk/SVProgressHUD;
			sourceTree = "<group>";
		};
/* End PBXGroup section */

/* Begin PBXNativeTarget section */
		1DEDC7D21C9F817B0083B394 /* TyDtk */ = {
			isa = PBXNativeTarget;
			buildConfigurationList = 1DEDC8001C9F817B0083B394 /* Build configuration list for PBXNativeTarget "TyDtk" */;
			buildPhases = (
				1DEDC7CF1C9F817B0083B394 /* Sources */,
				1DEDC7D01C9F817B0083B394 /* Frameworks */,
				1DEDC7D11C9F817B0083B394 /* Resources */,
			);
			buildRules = (
			);
			dependencies = (
			);
			name = TyDtk;
			productName = TyDtk;
			productReference = 1DEDC7D31C9F817B0083B394 /* TyDtk.app */;
			productType = "com.apple.product-type.application";
		};
		1DEDC7EB1C9F817B0083B394 /* TyDtkTests */ = {
			isa = PBXNativeTarget;
			buildConfigurationList = 1DEDC8031C9F817B0083B394 /* Build configuration list for PBXNativeTarget "TyDtkTests" */;
			buildPhases = (
				1DEDC7E81C9F817B0083B394 /* Sources */,
				1DEDC7E91C9F817B0083B394 /* Frameworks */,
				1DEDC7EA1C9F817B0083B394 /* Resources */,
			);
			buildRules = (
			);
			dependencies = (
				1DEDC7EE1C9F817B0083B394 /* PBXTargetDependency */,
			);
			name = TyDtkTests;
			productName = TyDtkTests;
			productReference = 1DEDC7EC1C9F817B0083B394 /* TyDtkTests.xctest */;
			productType = "com.apple.product-type.bundle.unit-test";
		};
		1DEDC7F61C9F817B0083B394 /* TyDtkUITests */ = {
			isa = PBXNativeTarget;
			buildConfigurationList = 1DEDC8061C9F817B0083B394 /* Build configuration list for PBXNativeTarget "TyDtkUITests" */;
			buildPhases = (
				1DEDC7F31C9F817B0083B394 /* Sources */,
				1DEDC7F41C9F817B0083B394 /* Frameworks */,
				1DEDC7F51C9F817B0083B394 /* Resources */,
			);
			buildRules = (
			);
			dependencies = (
				1DEDC7F91C9F817B0083B394 /* PBXTargetDependency */,
			);
			name = TyDtkUITests;
			productName = TyDtkUITests;
			productReference = 1DEDC7F71C9F817B0083B394 /* TyDtkUITests.xctest */;
			productType = "com.apple.product-type.bundle.ui-testing";
		};
/* End PBXNativeTarget section */

/* Begin PBXProject section */
		1DEDC7CB1C9F817B0083B394 /* Project object */ = {
			isa = PBXProject;
			attributes = {
				LastUpgradeCheck = 0720;
				ORGANIZATIONNAME = "天一文化.王可佳";
				TargetAttributes = {
					1DEDC7D21C9F817B0083B394 = {
						CreatedOnToolsVersion = 7.2.1;
						DevelopmentTeam = W4284DA4FY;
					};
					1DEDC7EB1C9F817B0083B394 = {
						CreatedOnToolsVersion = 7.2.1;
						DevelopmentTeam = W4284DA4FY;
						TestTargetID = 1DEDC7D21C9F817B0083B394;
					};
					1DEDC7F61C9F817B0083B394 = {
						CreatedOnToolsVersion = 7.2.1;
						DevelopmentTeam = W4284DA4FY;
						TestTargetID = 1DEDC7D21C9F817B0083B394;
					};
				};
			};
			buildConfigurationList = 1DEDC7CE1C9F817B0083B394 /* Build configuration list for PBXProject "TyDtk" */;
			compatibilityVersion = "Xcode 3.2";
			developmentRegion = English;
			hasScannedForEncodings = 0;
			knownRegions = (
				en,
				Base,
			);
			mainGroup = 1DEDC7CA1C9F817B0083B394;
			productRefGroup = 1DEDC7D41C9F817B0083B394 /* Products */;
			projectDirPath = "";
			projectRoot = "";
			targets = (
				1DEDC7D21C9F817B0083B394 /* TyDtk */,
				1DEDC7EB1C9F817B0083B394 /* TyDtkTests */,
				1DEDC7F61C9F817B0083B394 /* TyDtkUITests */,
			);
		};
/* End PBXProject section */

/* Begin PBXResourcesBuildPhase section */
		1DEDC7D11C9F817B0083B394 /* Resources */ = {
			isa = PBXResourcesBuildPhase;
			buildActionMask = 2147483647;
			files = (
				1DF950571CA38F4D00104597 /* user_icon.png in Resources */,
				1DF8984D1CA5218000D726E3 /* loginBrg.jpeg in Resources */,
				1D165E681CD1DA1E00F61EAE /* NotesView.xib in Resources */,
				1DE5F8D31CD092BD0046CD8A /* paterTopicQtype5Cell.xib in Resources */,
				1DC18F0B1CB795D50006D642 /* MJRefresh.bundle in Resources */,
				1DE5F8DB1CD0B42D0046CD8A /* TopicQtype1and2Cell.xib in Resources */,
				1DEB178B1CBC90FA00C82293 /* timelog.png in Resources */,
				1D31827B1CD8352D00AD4773 /* paterTopicQtype3Cell.xib in Resources */,
				1DF9506E1CA3BFC500104597 /* SVProgressHUD.bundle in Resources */,
				1DEDC8311C9F9F770083B394 /* login_password.png in Resources */,
				1DEDC8671C9FA40A0083B394 /* mainbg.png in Resources */,
				1DEDC8321C9F9F770083B394 /* login_person.png in Resources */,
				1DEDC7E61C9F817B0083B394 /* LaunchScreen.storyboard in Resources */,
				1DD2E6F81CB5F21700423484 /* ActiveView.xib in Resources */,
				1DEDC7E31C9F817B0083B394 /* Assets.xcassets in Resources */,
				1DF27B4E1CDAD4F500F35BB1 /* paterTopicQtype4Cell.xib in Resources */,
				1DE5F8DD1CD0BCC30046CD8A /* paterTopicQtype6Cell.xib in Resources */,
				1D165E6F1CD1F84700F61EAE /* ErrorView.xib in Resources */,
				1DF950591CA38F5800104597 /* km_icon.png in Resources */,
				1DEDC7E11C9F817B0083B394 /* Main.storyboard in Resources */,
			);
			runOnlyForDeploymentPostprocessing = 0;
		};
		1DEDC7EA1C9F817B0083B394 /* Resources */ = {
			isa = PBXResourcesBuildPhase;
			buildActionMask = 2147483647;
			files = (
			);
			runOnlyForDeploymentPostprocessing = 0;
		};
		1DEDC7F51C9F817B0083B394 /* Resources */ = {
			isa = PBXResourcesBuildPhase;
			buildActionMask = 2147483647;
			files = (
			);
			runOnlyForDeploymentPostprocessing = 0;
		};
/* End PBXResourcesBuildPhase section */

/* Begin PBXSourcesBuildPhase section */
		1DEDC7CF1C9F817B0083B394 /* Sources */ = {
			isa = PBXSourcesBuildPhase;
			buildActionMask = 2147483647;
			files = (
				1DEDC8101C9F86400083B394 /* RegisterViewController.m in Sources */,
				1DEDC85D1C9FA2920083B394 /* SDWebImageManager.m in Sources */,
				1D03B24D1CC5BF1E00DCE77A /* NotesOrErrorTableViewCell.m in Sources */,
				1DD2E6FB1CB5F25800423484 /* ActiveVIew.m in Sources */,
				1DC18F011CB795D50006D642 /* MJRefreshHeader.m in Sources */,
				1DC18F021CB795D50006D642 /* MJRefreshAutoGifFooter.m in Sources */,
				1DEDC8581C9FA2920083B394 /* SDImageCache.m in Sources */,
				1DEDC85C1C9FA2920083B394 /* SDWebImageDownloaderOperation.m in Sources */,
				1D18A02D1CAB7D690022642C /* CustomTools.m in Sources */,
				1DC18F0C1CB795D50006D642 /* MJRefreshConst.m in Sources */,
				1DEDC8651C9FA2920083B394 /* UIView+WebCacheOperation.m in Sources */,
				1DC18F041CB795D50006D642 /* MJRefreshAutoStateFooter.m in Sources */,
				1DC18F091CB795D50006D642 /* MJRefreshNormalHeader.m in Sources */,
				1DF9506F1CA3BFC500104597 /* SVProgressHUD.m in Sources */,
				1D1CD88D1CD2EE4800A80E88 /* LXAlertView.m in Sources */,
				1DEDC8161C9F880E0083B394 /* IndexViewController.m in Sources */,
				1D2A6B1B1CB4AC72005D3455 /* ModelPapersViewController.m in Sources */,
				1DEDC8791C9FA66B0083B394 /* AFSecurityPolicy.m in Sources */,
				1DDE066B1CAA296A00FA1505 /* EmailForPwdViewController.m in Sources */,
				1DC18F0D1CB795D50006D642 /* UIScrollView+MJExtension.m in Sources */,
				1DEFF1E01CA0E5D800994E2C /* ChineseToPinyin.m in Sources */,
				1D1626931CBDD5CC0050784B /* TopicCardCollectionView.m in Sources */,
				1DEDC85F1C9FA2920083B394 /* UIButton+WebCache.m in Sources */,
				1DEDC8571C9FA2920083B394 /* NSData+ImageContentType.m in Sources */,
				1DC18F061CB795D50006D642 /* MJRefreshBackNormalFooter.m in Sources */,
				1DEDC85E1C9FA2920083B394 /* SDWebImagePrefetcher.m in Sources */,
				1D165E721CD1F85800F61EAE /* ErrorView.m in Sources */,
				1DEDC85B1C9FA2920083B394 /* SDWebImageDownloader.m in Sources */,
				1DEDC80D1C9F86170083B394 /* LoginViewController.m in Sources */,
				1DF950701CA3BFC500104597 /* SVRadialGradientLayer.m in Sources */,
				1DEDC87F1C9FA6810083B394 /* HttpTools.m in Sources */,
				1DC18F081CB795D50006D642 /* MJRefreshGifHeader.m in Sources */,
				1DC18F071CB795D50006D642 /* MJRefreshBackStateFooter.m in Sources */,
				1DEDC8621C9FA2920083B394 /* UIImage+WebP.m in Sources */,
				1DEDC8641C9FA2920083B394 /* UIImageView+WebCache.m in Sources */,
				1DC18EFD1CB795D50006D642 /* MJRefreshAutoFooter.m in Sources */,
				1DC18F0A1CB795D50006D642 /* MJRefreshStateHeader.m in Sources */,
				1D10C9891CB3A74C00040913 /* UserIndexViewController.m in Sources */,
				1DEDC8771C9FA66B0083B394 /* AFHTTPSessionManager.m in Sources */,
				1DEDC85A1C9FA2920083B394 /* SDWebImageDecoder.m in Sources */,
				1DE695DF1CA8D28100ED1DA3 /* PhoneReViewController.m in Sources */,
				1DE5F8D61CD093190046CD8A /* paterTopicQtype5TableViewCell.m in Sources */,
				1DEDC8131C9F866C0083B394 /* ForgetPwdViewController.m in Sources */,
				1DEDC87C1C9FA66B0083B394 /* AFURLSessionManager.m in Sources */,
				1DF9506D1CA3BFC500104597 /* SVIndefiniteAnimatedView.m in Sources */,
				1DEDC8851C9FEDDE0083B394 /* LocationViewController.m in Sources */,
				1DE5F8D91CD0B3F60046CD8A /* paterTopicQtype1and2TableViewCell.m in Sources */,
				1DF27B4C1CDAD4D900F35BB1 /* PaterTopicQtype4TableViewCell.m in Sources */,
				1D2A6B181CB49B02005D3455 /* ChaptersViewController.m in Sources */,
				1D1CD88E1CD2EE4800A80E88 /* UILabel+LXAdd.m in Sources */,
				1DEDC8561C9FA2920083B394 /* MKAnnotationView+WebCache.m in Sources */,
				1D18A0301CABB0E00022642C /* SubjectInfoViewController.m in Sources */,
				1DC18F0E1CB795D50006D642 /* UIScrollView+MJRefresh.m in Sources */,
				1DC18F001CB795D50006D642 /* MJRefreshFooter.m in Sources */,
				1D064E031CBB3303007BD4E4 /* StartDoTopicViewController.m in Sources */,
				1DEDC8591C9FA2920083B394 /* SDWebImageCompat.m in Sources */,
				1DEDC87B1C9FA66B0083B394 /* AFURLResponseSerialization.m in Sources */,
				1D86FA331CCDFC23007DF87C /* ErrorTopicView.m in Sources */,
				1DE695D51CA8C75100ED1DA3 /* TestViewController.m in Sources */,
				1DC18F0F1CB795D50006D642 /* UIView+MJExtension.m in Sources */,
				1DEDC87A1C9FA66B0083B394 /* AFURLRequestSerialization.m in Sources */,
				1DC18F051CB795D50006D642 /* MJRefreshBackGifFooter.m in Sources */,
				1DE695E21CA8D39200ED1DA3 /* EmailReViewController.m in Sources */,
				1DDE06681CAA295B00FA1505 /* PhoneForPwdViewController.m in Sources */,
				1DEFF1E31CA122D200994E2C /* SecoundSubjectViewController.m in Sources */,
				1DEDC7DB1C9F817B0083B394 /* AppDelegate.m in Sources */,
				1DF8984B1CA4C3E800D726E3 /* ViewNullData.m in Sources */,
				1DE3F88F1CAE52CA00A290CF /* UINavigationController+FDFullscreenPopGesture.m in Sources */,
				1DF8985A1CA53D2B00D726E3 /* MZView.m in Sources */,
				1D31827E1CD835BB00AD4773 /* PaterTopicQtype3TableViewCell.m in Sources */,
				1DC18F031CB795D50006D642 /* MJRefreshAutoNormalFooter.m in Sources */,
				1D165E6B1CD1DA4800F61EAE /* NotesView.m in Sources */,
				1DEDC7D81C9F817B0083B394 /* main.m in Sources */,
				1DC18EFE1CB795D50006D642 /* MJRefreshBackFooter.m in Sources */,
				1DEDC8611C9FA2920083B394 /* UIImage+MultiFormat.m in Sources */,
				1DEDC8631C9FA2920083B394 /* UIImageView+HighlightedWebCache.m in Sources */,
				1DC18EFF1CB795D50006D642 /* MJRefreshComponent.m in Sources */,
				1D03B2921CC6131A00DCE77A /* PaterTopicQtype6TableViewCell.m in Sources */,
				1DEDC8781C9FA66B0083B394 /* AFNetworkReachabilityManager.m in Sources */,
				1D064E461CBB6A4B007BD4E4 /* PatersTopicViewController.m in Sources */,
				1DF950751CA3C52200104597 /* Reachability.m in Sources */,
				1DEDC8601C9FA2920083B394 /* UIImage+GIF.m in Sources */,
			);
			runOnlyForDeploymentPostprocessing = 0;
		};
		1DEDC7E81C9F817B0083B394 /* Sources */ = {
			isa = PBXSourcesBuildPhase;
			buildActionMask = 2147483647;
			files = (
				1DEDC7F11C9F817B0083B394 /* TyDtkTests.m in Sources */,
			);
			runOnlyForDeploymentPostprocessing = 0;
		};
		1DEDC7F31C9F817B0083B394 /* Sources */ = {
			isa = PBXSourcesBuildPhase;
			buildActionMask = 2147483647;
			files = (
				1DEDC7FC1C9F817B0083B394 /* TyDtkUITests.m in Sources */,
			);
			runOnlyForDeploymentPostprocessing = 0;
		};
/* End PBXSourcesBuildPhase section */

/* Begin PBXTargetDependency section */
		1DEDC7EE1C9F817B0083B394 /* PBXTargetDependency */ = {
			isa = PBXTargetDependency;
			target = 1DEDC7D21C9F817B0083B394 /* TyDtk */;
			targetProxy = 1DEDC7ED1C9F817B0083B394 /* PBXContainerItemProxy */;
		};
		1DEDC7F91C9F817B0083B394 /* PBXTargetDependency */ = {
			isa = PBXTargetDependency;
			target = 1DEDC7D21C9F817B0083B394 /* TyDtk */;
			targetProxy = 1DEDC7F81C9F817B0083B394 /* PBXContainerItemProxy */;
		};
/* End PBXTargetDependency section */

/* Begin PBXVariantGroup section */
		1DEDC7DF1C9F817B0083B394 /* Main.storyboard */ = {
			isa = PBXVariantGroup;
			children = (
				1DEDC7E01C9F817B0083B394 /* Base */,
			);
			name = Main.storyboard;
			sourceTree = "<group>";
		};
		1DEDC7E41C9F817B0083B394 /* LaunchScreen.storyboard */ = {
			isa = PBXVariantGroup;
			children = (
				1DEDC7E51C9F817B0083B394 /* Base */,
			);
			name = LaunchScreen.storyboard;
			sourceTree = "<group>";
		};
/* End PBXVariantGroup section */

/* Begin XCBuildConfiguration section */
		1DEDC7FE1C9F817B0083B394 /* Debug */ = {
			isa = XCBuildConfiguration;
			buildSettings = {
				ALWAYS_SEARCH_USER_PATHS = NO;
				CLANG_CXX_LANGUAGE_STANDARD = "gnu++0x";
				CLANG_CXX_LIBRARY = "libc++";
				CLANG_ENABLE_MODULES = YES;
				CLANG_ENABLE_OBJC_ARC = YES;
				CLANG_WARN_BOOL_CONVERSION = YES;
				CLANG_WARN_CONSTANT_CONVERSION = YES;
				CLANG_WARN_DIRECT_OBJC_ISA_USAGE = YES_ERROR;
				CLANG_WARN_EMPTY_BODY = YES;
				CLANG_WARN_ENUM_CONVERSION = YES;
				CLANG_WARN_INT_CONVERSION = YES;
				CLANG_WARN_OBJC_ROOT_CLASS = YES_ERROR;
				CLANG_WARN_UNREACHABLE_CODE = YES;
				CLANG_WARN__DUPLICATE_METHOD_MATCH = YES;
				"CODE_SIGN_IDENTITY[sdk=iphoneos*]" = "iPhone Developer";
				COPY_PHASE_STRIP = NO;
				DEBUG_INFORMATION_FORMAT = dwarf;
				ENABLE_STRICT_OBJC_MSGSEND = YES;
				ENABLE_TESTABILITY = YES;
				GCC_C_LANGUAGE_STANDARD = gnu99;
				GCC_DYNAMIC_NO_PIC = NO;
				GCC_NO_COMMON_BLOCKS = YES;
				GCC_OPTIMIZATION_LEVEL = 0;
				GCC_PREPROCESSOR_DEFINITIONS = (
					"DEBUG=1",
					"$(inherited)",
				);
				GCC_WARN_64_TO_32_BIT_CONVERSION = YES;
				GCC_WARN_ABOUT_RETURN_TYPE = YES_ERROR;
				GCC_WARN_UNDECLARED_SELECTOR = YES;
				GCC_WARN_UNINITIALIZED_AUTOS = YES_AGGRESSIVE;
				GCC_WARN_UNUSED_FUNCTION = YES;
				GCC_WARN_UNUSED_VARIABLE = YES;
				IPHONEOS_DEPLOYMENT_TARGET = 9.2;
				MTL_ENABLE_DEBUG_INFO = YES;
				ONLY_ACTIVE_ARCH = YES;
				SDKROOT = iphoneos;
			};
			name = Debug;
		};
		1DEDC7FF1C9F817B0083B394 /* Release */ = {
			isa = XCBuildConfiguration;
			buildSettings = {
				ALWAYS_SEARCH_USER_PATHS = NO;
				CLANG_CXX_LANGUAGE_STANDARD = "gnu++0x";
				CLANG_CXX_LIBRARY = "libc++";
				CLANG_ENABLE_MODULES = YES;
				CLANG_ENABLE_OBJC_ARC = YES;
				CLANG_WARN_BOOL_CONVERSION = YES;
				CLANG_WARN_CONSTANT_CONVERSION = YES;
				CLANG_WARN_DIRECT_OBJC_ISA_USAGE = YES_ERROR;
				CLANG_WARN_EMPTY_BODY = YES;
				CLANG_WARN_ENUM_CONVERSION = YES;
				CLANG_WARN_INT_CONVERSION = YES;
				CLANG_WARN_OBJC_ROOT_CLASS = YES_ERROR;
				CLANG_WARN_UNREACHABLE_CODE = YES;
				CLANG_WARN__DUPLICATE_METHOD_MATCH = YES;
				"CODE_SIGN_IDENTITY[sdk=iphoneos*]" = "iPhone Developer";
				COPY_PHASE_STRIP = NO;
				DEBUG_INFORMATION_FORMAT = "dwarf-with-dsym";
				ENABLE_NS_ASSERTIONS = NO;
				ENABLE_STRICT_OBJC_MSGSEND = YES;
				GCC_C_LANGUAGE_STANDARD = gnu99;
				GCC_NO_COMMON_BLOCKS = YES;
				GCC_WARN_64_TO_32_BIT_CONVERSION = YES;
				GCC_WARN_ABOUT_RETURN_TYPE = YES_ERROR;
				GCC_WARN_UNDECLARED_SELECTOR = YES;
				GCC_WARN_UNINITIALIZED_AUTOS = YES_AGGRESSIVE;
				GCC_WARN_UNUSED_FUNCTION = YES;
				GCC_WARN_UNUSED_VARIABLE = YES;
				IPHONEOS_DEPLOYMENT_TARGET = 9.2;
				MTL_ENABLE_DEBUG_INFO = NO;
				SDKROOT = iphoneos;
				VALIDATE_PRODUCT = YES;
			};
			name = Release;
		};
		1DEDC8011C9F817B0083B394 /* Debug */ = {
			isa = XCBuildConfiguration;
			buildSettings = {
				ASSETCATALOG_COMPILER_APPICON_NAME = AppIcon;
				CODE_SIGN_IDENTITY = "iPhone Developer";
				GCC_PREFIX_HEADER = /Users/tianyiwenhua/Desktop/TyDtk/TyDtk/DtkPchFile.pch;
				INFOPLIST_FILE = TyDtk/Info.plist;
				IPHONEOS_DEPLOYMENT_TARGET = 9.0;
				LD_RUNPATH_SEARCH_PATHS = "$(inherited) @executable_path/Frameworks";
				PRODUCT_BUNDLE_IDENTIFIER = tywhdyk.TyDtk;
				PRODUCT_NAME = "$(TARGET_NAME)";
			};
			name = Debug;
		};
		1DEDC8021C9F817B0083B394 /* Release */ = {
			isa = XCBuildConfiguration;
			buildSettings = {
				ASSETCATALOG_COMPILER_APPICON_NAME = AppIcon;
				CODE_SIGN_IDENTITY = "iPhone Developer";
				GCC_PREFIX_HEADER = /Users/tianyiwenhua/Desktop/TyDtk/TyDtk/DtkPchFile.pch;
				INFOPLIST_FILE = TyDtk/Info.plist;
				IPHONEOS_DEPLOYMENT_TARGET = 9.0;
				LD_RUNPATH_SEARCH_PATHS = "$(inherited) @executable_path/Frameworks";
				PRODUCT_BUNDLE_IDENTIFIER = tywhdyk.TyDtk;
				PRODUCT_NAME = "$(TARGET_NAME)";
			};
			name = Release;
		};
		1DEDC8041C9F817B0083B394 /* Debug */ = {
			isa = XCBuildConfiguration;
			buildSettings = {
				BUNDLE_LOADER = "$(TEST_HOST)";
				INFOPLIST_FILE = TyDtkTests/Info.plist;
				LD_RUNPATH_SEARCH_PATHS = "$(inherited) @executable_path/Frameworks @loader_path/Frameworks";
				PRODUCT_BUNDLE_IDENTIFIER = tywhdyk.TyDtkTests;
				PRODUCT_NAME = "$(TARGET_NAME)";
				TEST_HOST = "$(BUILT_PRODUCTS_DIR)/TyDtk.app/TyDtk";
			};
			name = Debug;
		};
		1DEDC8051C9F817B0083B394 /* Release */ = {
			isa = XCBuildConfiguration;
			buildSettings = {
				BUNDLE_LOADER = "$(TEST_HOST)";
				INFOPLIST_FILE = TyDtkTests/Info.plist;
				LD_RUNPATH_SEARCH_PATHS = "$(inherited) @executable_path/Frameworks @loader_path/Frameworks";
				PRODUCT_BUNDLE_IDENTIFIER = tywhdyk.TyDtkTests;
				PRODUCT_NAME = "$(TARGET_NAME)";
				TEST_HOST = "$(BUILT_PRODUCTS_DIR)/TyDtk.app/TyDtk";
			};
			name = Release;
		};
		1DEDC8071C9F817B0083B394 /* Debug */ = {
			isa = XCBuildConfiguration;
			buildSettings = {
				INFOPLIST_FILE = TyDtkUITests/Info.plist;
				LD_RUNPATH_SEARCH_PATHS = "$(inherited) @executable_path/Frameworks @loader_path/Frameworks";
				PRODUCT_BUNDLE_IDENTIFIER = tywhdyk.TyDtkUITests;
				PRODUCT_NAME = "$(TARGET_NAME)";
				TEST_TARGET_NAME = TyDtk;
				USES_XCTRUNNER = YES;
			};
			name = Debug;
		};
		1DEDC8081C9F817B0083B394 /* Release */ = {
			isa = XCBuildConfiguration;
			buildSettings = {
				INFOPLIST_FILE = TyDtkUITests/Info.plist;
				LD_RUNPATH_SEARCH_PATHS = "$(inherited) @executable_path/Frameworks @loader_path/Frameworks";
				PRODUCT_BUNDLE_IDENTIFIER = tywhdyk.TyDtkUITests;
				PRODUCT_NAME = "$(TARGET_NAME)";
				TEST_TARGET_NAME = TyDtk;
				USES_XCTRUNNER = YES;
			};
			name = Release;
		};
/* End XCBuildConfiguration section */

/* Begin XCConfigurationList section */
		1DEDC7CE1C9F817B0083B394 /* Build configuration list for PBXProject "TyDtk" */ = {
			isa = XCConfigurationList;
			buildConfigurations = (
				1DEDC7FE1C9F817B0083B394 /* Debug */,
				1DEDC7FF1C9F817B0083B394 /* Release */,
			);
			defaultConfigurationIsVisible = 0;
			defaultConfigurationName = Release;
		};
		1DEDC8001C9F817B0083B394 /* Build configuration list for PBXNativeTarget "TyDtk" */ = {
			isa = XCConfigurationList;
			buildConfigurations = (
				1DEDC8011C9F817B0083B394 /* Debug */,
				1DEDC8021C9F817B0083B394 /* Release */,
			);
			defaultConfigurationIsVisible = 0;
			defaultConfigurationName = Release;
		};
		1DEDC8031C9F817B0083B394 /* Build configuration list for PBXNativeTarget "TyDtkTests" */ = {
			isa = XCConfigurationList;
			buildConfigurations = (
				1DEDC8041C9F817B0083B394 /* Debug */,
				1DEDC8051C9F817B0083B394 /* Release */,
			);
			defaultConfigurationIsVisible = 0;
			defaultConfigurationName = Release;
		};
		1DEDC8061C9F817B0083B394 /* Build configuration list for PBXNativeTarget "TyDtkUITests" */ = {
			isa = XCConfigurationList;
			buildConfigurations = (
				1DEDC8071C9F817B0083B394 /* Debug */,
				1DEDC8081C9F817B0083B394 /* Release */,
			);
			defaultConfigurationIsVisible = 0;
			defaultConfigurationName = Release;
		};
/* End XCConfigurationList section */
	};
	rootObject = 1DEDC7CB1C9F817B0083B394 /* Project object */;
}
